// !$*UTF8*$!
{
	archiveVersion = 1;
	classes = {
	};
	objectVersion = 46;
	objects = {

/* Begin PBXBuildFile section */
		2F242BAC1A5D0FF5004A56B1 /* BFMyOrderItemCollectionCell.m in Sources */ = {isa = PBXBuildFile; fileRef = 2F242BAB1A5D0FF5004A56B1 /* BFMyOrderItemCollectionCell.m */; };
		2F242BAE1A5D1042004A56B1 /* MyOrderCollCellBasic.xib in Resources */ = {isa = PBXBuildFile; fileRef = 2F242BAD1A5D1042004A56B1 /* MyOrderCollCellBasic.xib */; };
		2F242BB01A5D105B004A56B1 /* MyOrderCollCellImage.xib in Resources */ = {isa = PBXBuildFile; fileRef = 2F242BAF1A5D105B004A56B1 /* MyOrderCollCellImage.xib */; };
		2F59A1911A618266008BFF6F /* BFOrderCheckoutViewController.m in Sources */ = {isa = PBXBuildFile; fileRef = 2F59A1901A618266008BFF6F /* BFOrderCheckoutViewController.m */; };
		2F59A1941A619235008BFF6F /* BFOrderFinalConfirmViewController.m in Sources */ = {isa = PBXBuildFile; fileRef = 2F59A1931A619235008BFF6F /* BFOrderFinalConfirmViewController.m */; };
		2F8933091A5BD12300A9196E /* Foundation.framework in Frameworks */ = {isa = PBXBuildFile; fileRef = 2F8933081A5BD12300A9196E /* Foundation.framework */; };
		2F89330B1A5BD12300A9196E /* CoreGraphics.framework in Frameworks */ = {isa = PBXBuildFile; fileRef = 2F89330A1A5BD12300A9196E /* CoreGraphics.framework */; };
		2F89330D1A5BD12400A9196E /* UIKit.framework in Frameworks */ = {isa = PBXBuildFile; fileRef = 2F89330C1A5BD12400A9196E /* UIKit.framework */; };
		2F8933131A5BD12400A9196E /* InfoPlist.strings in Resources */ = {isa = PBXBuildFile; fileRef = 2F8933111A5BD12400A9196E /* InfoPlist.strings */; };
		2F8933151A5BD12400A9196E /* main.m in Sources */ = {isa = PBXBuildFile; fileRef = 2F8933141A5BD12400A9196E /* main.m */; };
		2F8933191A5BD12400A9196E /* BFAppDelegate.m in Sources */ = {isa = PBXBuildFile; fileRef = 2F8933181A5BD12400A9196E /* BFAppDelegate.m */; };
		2F89331C1A5BD12400A9196E /* Main.storyboard in Resources */ = {isa = PBXBuildFile; fileRef = 2F89331A1A5BD12400A9196E /* Main.storyboard */; };
		2F8933211A5BD12400A9196E /* Images.xcassets in Resources */ = {isa = PBXBuildFile; fileRef = 2F8933201A5BD12400A9196E /* Images.xcassets */; };
		2F8933281A5BD12400A9196E /* XCTest.framework in Frameworks */ = {isa = PBXBuildFile; fileRef = 2F8933271A5BD12400A9196E /* XCTest.framework */; };
		2F8933291A5BD12400A9196E /* Foundation.framework in Frameworks */ = {isa = PBXBuildFile; fileRef = 2F8933081A5BD12300A9196E /* Foundation.framework */; };
		2F89332A1A5BD12400A9196E /* UIKit.framework in Frameworks */ = {isa = PBXBuildFile; fileRef = 2F89330C1A5BD12400A9196E /* UIKit.framework */; };
		2F8933321A5BD12400A9196E /* InfoPlist.strings in Resources */ = {isa = PBXBuildFile; fileRef = 2F8933301A5BD12400A9196E /* InfoPlist.strings */; };
		2F8933341A5BD12400A9196E /* sterminalTests.m in Sources */ = {isa = PBXBuildFile; fileRef = 2F8933331A5BD12400A9196E /* sterminalTests.m */; };
		2F8933431A5BD42A00A9196E /* BFActiveViewController.m in Sources */ = {isa = PBXBuildFile; fileRef = 2F8933421A5BD42A00A9196E /* BFActiveViewController.m */; };
		2F8933461A5BD60700A9196E /* BFNavigationViewController.m in Sources */ = {isa = PBXBuildFile; fileRef = 2F8933451A5BD60700A9196E /* BFNavigationViewController.m */; };
		2F8933491A5BDBA800A9196E /* BFActivateProcessViewController.m in Sources */ = {isa = PBXBuildFile; fileRef = 2F8933481A5BDBA800A9196E /* BFActivateProcessViewController.m */; };
		2F89334C1A5BE15C00A9196E /* BFUserLoginViewController.m in Sources */ = {isa = PBXBuildFile; fileRef = 2F89334B1A5BE15C00A9196E /* BFUserLoginViewController.m */; };
		2F89334F1A5BE40400A9196E /* BFUserListViewController.m in Sources */ = {isa = PBXBuildFile; fileRef = 2F89334E1A5BE40400A9196E /* BFUserListViewController.m */; };
		2FA42D621A5C2929004324AF /* BFOrderViewController.m in Sources */ = {isa = PBXBuildFile; fileRef = 2FA42D611A5C2929004324AF /* BFOrderViewController.m */; };
		2FF8C4951A5CDA2500B28A0F /* CustomOrderCell.xib in Resources */ = {isa = PBXBuildFile; fileRef = 2FF8C4941A5CDA2500B28A0F /* CustomOrderCell.xib */; };
		2FF8C4981A5CDC2900B28A0F /* BFOrderItemCell.m in Sources */ = {isa = PBXBuildFile; fileRef = 2FF8C4971A5CDC2900B28A0F /* BFOrderItemCell.m */; };
		2FF8C49A1A5CED0700B28A0F /* product.plist in Resources */ = {isa = PBXBuildFile; fileRef = 2FF8C4991A5CED0700B28A0F /* product.plist */; };
		2FF8C49C1A5CED1E00B28A0F /* categories.plist in Resources */ = {isa = PBXBuildFile; fileRef = 2FF8C49B1A5CED1E00B28A0F /* categories.plist */; };
		2FF8C49F1A5D007500B28A0F /* CHTCollectionViewWaterfallLayout.m in Sources */ = {isa = PBXBuildFile; fileRef = 2FF8C49E1A5D007500B28A0F /* CHTCollectionViewWaterfallLayout.m */; };
/* End PBXBuildFile section */

/* Begin PBXContainerItemProxy section */
		2F89332B1A5BD12400A9196E /* PBXContainerItemProxy */ = {
			isa = PBXContainerItemProxy;
			containerPortal = 2F8932FD1A5BD12300A9196E /* Project object */;
			proxyType = 1;
			remoteGlobalIDString = 2F8933041A5BD12300A9196E;
			remoteInfo = sterminal;
		};
/* End PBXContainerItemProxy section */

/* Begin PBXFileReference section */
		2F242BAA1A5D0FF5004A56B1 /* BFMyOrderItemCollectionCell.h */ = {isa = PBXFileReference; fileEncoding = 4; lastKnownFileType = sourcecode.c.h; path = BFMyOrderItemCollectionCell.h; sourceTree = "<group>"; };
		2F242BAB1A5D0FF5004A56B1 /* BFMyOrderItemCollectionCell.m */ = {isa = PBXFileReference; fileEncoding = 4; lastKnownFileType = sourcecode.c.objc; path = BFMyOrderItemCollectionCell.m; sourceTree = "<group>"; };
		2F242BAD1A5D1042004A56B1 /* MyOrderCollCellBasic.xib */ = {isa = PBXFileReference; fileEncoding = 4; lastKnownFileType = file.xib; path = MyOrderCollCellBasic.xib; sourceTree = "<group>"; };
		2F242BAF1A5D105B004A56B1 /* MyOrderCollCellImage.xib */ = {isa = PBXFileReference; fileEncoding = 4; lastKnownFileType = file.xib; path = MyOrderCollCellImage.xib; sourceTree = "<group>"; };
		2F59A18F1A618266008BFF6F /* BFOrderCheckoutViewController.h */ = {isa = PBXFileReference; fileEncoding = 4; lastKnownFileType = sourcecode.c.h; path = BFOrderCheckoutViewController.h; sourceTree = "<group>"; };
		2F59A1901A618266008BFF6F /* BFOrderCheckoutViewController.m */ = {isa = PBXFileReference; fileEncoding = 4; lastKnownFileType = sourcecode.c.objc; path = BFOrderCheckoutViewController.m; sourceTree = "<group>"; };
		2F59A1921A619235008BFF6F /* BFOrderFinalConfirmViewController.h */ = {isa = PBXFileReference; fileEncoding = 4; lastKnownFileType = sourcecode.c.h; path = BFOrderFinalConfirmViewController.h; sourceTree = "<group>"; };
		2F59A1931A619235008BFF6F /* BFOrderFinalConfirmViewController.m */ = {isa = PBXFileReference; fileEncoding = 4; lastKnownFileType = sourcecode.c.objc; path = BFOrderFinalConfirmViewController.m; sourceTree = "<group>"; };
		2F8933051A5BD12300A9196E /* sterminal.app */ = {isa = PBXFileReference; explicitFileType = wrapper.application; includeInIndex = 0; path = sterminal.app; sourceTree = BUILT_PRODUCTS_DIR; };
		2F8933081A5BD12300A9196E /* Foundation.framework */ = {isa = PBXFileReference; lastKnownFileType = wrapper.framework; name = Foundation.framework; path = System/Library/Frameworks/Foundation.framework; sourceTree = SDKROOT; };
		2F89330A1A5BD12300A9196E /* CoreGraphics.framework */ = {isa = PBXFileReference; lastKnownFileType = wrapper.framework; name = CoreGraphics.framework; path = System/Library/Frameworks/CoreGraphics.framework; sourceTree = SDKROOT; };
		2F89330C1A5BD12400A9196E /* UIKit.framework */ = {isa = PBXFileReference; lastKnownFileType = wrapper.framework; name = UIKit.framework; path = System/Library/Frameworks/UIKit.framework; sourceTree = SDKROOT; };
		2F8933101A5BD12400A9196E /* sterminal-Info.plist */ = {isa = PBXFileReference; lastKnownFileType = text.plist.xml; path = "sterminal-Info.plist"; sourceTree = "<group>"; };
		2F8933121A5BD12400A9196E /* en */ = {isa = PBXFileReference; lastKnownFileType = text.plist.strings; name = en; path = en.lproj/InfoPlist.strings; sourceTree = "<group>"; };
		2F8933141A5BD12400A9196E /* main.m */ = {isa = PBXFileReference; lastKnownFileType = sourcecode.c.objc; path = main.m; sourceTree = "<group>"; };
		2F8933161A5BD12400A9196E /* sterminal-Prefix.pch */ = {isa = PBXFileReference; lastKnownFileType = sourcecode.c.h; path = "sterminal-Prefix.pch"; sourceTree = "<group>"; };
		2F8933171A5BD12400A9196E /* BFAppDelegate.h */ = {isa = PBXFileReference; lastKnownFileType = sourcecode.c.h; path = BFAppDelegate.h; sourceTree = "<group>"; };
		2F8933181A5BD12400A9196E /* BFAppDelegate.m */ = {isa = PBXFileReference; lastKnownFileType = sourcecode.c.objc; path = BFAppDelegate.m; sourceTree = "<group>"; };
		2F89331B1A5BD12400A9196E /* Base */ = {isa = PBXFileReference; lastKnownFileType = file.storyboard; name = Base; path = Base.lproj/Main.storyboard; sourceTree = "<group>"; };
		2F8933201A5BD12400A9196E /* Images.xcassets */ = {isa = PBXFileReference; lastKnownFileType = folder.assetcatalog; path = Images.xcassets; sourceTree = "<group>"; };
		2F8933261A5BD12400A9196E /* sterminalTests.xctest */ = {isa = PBXFileReference; explicitFileType = wrapper.cfbundle; includeInIndex = 0; path = sterminalTests.xctest; sourceTree = BUILT_PRODUCTS_DIR; };
		2F8933271A5BD12400A9196E /* XCTest.framework */ = {isa = PBXFileReference; lastKnownFileType = wrapper.framework; name = XCTest.framework; path = Library/Frameworks/XCTest.framework; sourceTree = DEVELOPER_DIR; };
		2F89332F1A5BD12400A9196E /* sterminalTests-Info.plist */ = {isa = PBXFileReference; lastKnownFileType = text.plist.xml; path = "sterminalTests-Info.plist"; sourceTree = "<group>"; };
		2F8933311A5BD12400A9196E /* en */ = {isa = PBXFileReference; lastKnownFileType = text.plist.strings; name = en; path = en.lproj/InfoPlist.strings; sourceTree = "<group>"; };
		2F8933331A5BD12400A9196E /* sterminalTests.m */ = {isa = PBXFileReference; lastKnownFileType = sourcecode.c.objc; path = sterminalTests.m; sourceTree = "<group>"; };
		2F8933411A5BD42A00A9196E /* BFActiveViewController.h */ = {isa = PBXFileReference; fileEncoding = 4; lastKnownFileType = sourcecode.c.h; path = BFActiveViewController.h; sourceTree = "<group>"; };
		2F8933421A5BD42A00A9196E /* BFActiveViewController.m */ = {isa = PBXFileReference; fileEncoding = 4; lastKnownFileType = sourcecode.c.objc; path = BFActiveViewController.m; sourceTree = "<group>"; };
		2F8933441A5BD60700A9196E /* BFNavigationViewController.h */ = {isa = PBXFileReference; fileEncoding = 4; lastKnownFileType = sourcecode.c.h; path = BFNavigationViewController.h; sourceTree = "<group>"; };
		2F8933451A5BD60700A9196E /* BFNavigationViewController.m */ = {isa = PBXFileReference; fileEncoding = 4; lastKnownFileType = sourcecode.c.objc; path = BFNavigationViewController.m; sourceTree = "<group>"; };
		2F8933471A5BDBA800A9196E /* BFActivateProcessViewController.h */ = {isa = PBXFileReference; fileEncoding = 4; lastKnownFileType = sourcecode.c.h; path = BFActivateProcessViewController.h; sourceTree = "<group>"; };
		2F8933481A5BDBA800A9196E /* BFActivateProcessViewController.m */ = {isa = PBXFileReference; fileEncoding = 4; lastKnownFileType = sourcecode.c.objc; path = BFActivateProcessViewController.m; sourceTree = "<group>"; };
		2F89334A1A5BE15C00A9196E /* BFUserLoginViewController.h */ = {isa = PBXFileReference; fileEncoding = 4; lastKnownFileType = sourcecode.c.h; path = BFUserLoginViewController.h; sourceTree = "<group>"; };
		2F89334B1A5BE15C00A9196E /* BFUserLoginViewController.m */ = {isa = PBXFileReference; fileEncoding = 4; lastKnownFileType = sourcecode.c.objc; path = BFUserLoginViewController.m; sourceTree = "<group>"; };
		2F89334D1A5BE40400A9196E /* BFUserListViewController.h */ = {isa = PBXFileReference; fileEncoding = 4; lastKnownFileType = sourcecode.c.h; path = BFUserListViewController.h; sourceTree = "<group>"; };
		2F89334E1A5BE40400A9196E /* BFUserListViewController.m */ = {isa = PBXFileReference; fileEncoding = 4; lastKnownFileType = sourcecode.c.objc; path = BFUserListViewController.m; sourceTree = "<group>"; };
		2FA42D601A5C2929004324AF /* BFOrderViewController.h */ = {isa = PBXFileReference; fileEncoding = 4; lastKnownFileType = sourcecode.c.h; path = BFOrderViewController.h; sourceTree = "<group>"; };
		2FA42D611A5C2929004324AF /* BFOrderViewController.m */ = {isa = PBXFileReference; fileEncoding = 4; lastKnownFileType = sourcecode.c.objc; path = BFOrderViewController.m; sourceTree = "<group>"; };
		2FF8C4941A5CDA2500B28A0F /* CustomOrderCell.xib */ = {isa = PBXFileReference; fileEncoding = 4; lastKnownFileType = file.xib; path = CustomOrderCell.xib; sourceTree = "<group>"; };
		2FF8C4961A5CDC2900B28A0F /* BFOrderItemCell.h */ = {isa = PBXFileReference; fileEncoding = 4; lastKnownFileType = sourcecode.c.h; path = BFOrderItemCell.h; sourceTree = "<group>"; };
		2FF8C4971A5CDC2900B28A0F /* BFOrderItemCell.m */ = {isa = PBXFileReference; fileEncoding = 4; lastKnownFileType = sourcecode.c.objc; path = BFOrderItemCell.m; sourceTree = "<group>"; };
		2FF8C4991A5CED0700B28A0F /* product.plist */ = {isa = PBXFileReference; fileEncoding = 4; lastKnownFileType = text.plist.xml; path = product.plist; sourceTree = "<group>"; };
		2FF8C49B1A5CED1E00B28A0F /* categories.plist */ = {isa = PBXFileReference; fileEncoding = 4; lastKnownFileType = text.plist.xml; path = categories.plist; sourceTree = "<group>"; };
		2FF8C49D1A5D007500B28A0F /* CHTCollectionViewWaterfallLayout.h */ = {isa = PBXFileReference; fileEncoding = 4; lastKnownFileType = sourcecode.c.h; path = CHTCollectionViewWaterfallLayout.h; sourceTree = "<group>"; };
		2FF8C49E1A5D007500B28A0F /* CHTCollectionViewWaterfallLayout.m */ = {isa = PBXFileReference; fileEncoding = 4; lastKnownFileType = sourcecode.c.objc; path = CHTCollectionViewWaterfallLayout.m; sourceTree = "<group>"; };
/* End PBXFileReference section */

/* Begin PBXFrameworksBuildPhase section */
		2F8933021A5BD12300A9196E /* Frameworks */ = {
			isa = PBXFrameworksBuildPhase;
			buildActionMask = 2147483647;
			files = (
				2F89330B1A5BD12300A9196E /* CoreGraphics.framework in Frameworks */,
				2F89330D1A5BD12400A9196E /* UIKit.framework in Frameworks */,
				2F8933091A5BD12300A9196E /* Foundation.framework in Frameworks */,
			);
			runOnlyForDeploymentPostprocessing = 0;
		};
		2F8933231A5BD12400A9196E /* Frameworks */ = {
			isa = PBXFrameworksBuildPhase;
			buildActionMask = 2147483647;
			files = (
				2F8933281A5BD12400A9196E /* XCTest.framework in Frameworks */,
				2F89332A1A5BD12400A9196E /* UIKit.framework in Frameworks */,
				2F8933291A5BD12400A9196E /* Foundation.framework in Frameworks */,
			);
			runOnlyForDeploymentPostprocessing = 0;
		};
/* End PBXFrameworksBuildPhase section */

/* Begin PBXGroup section */
		2F242BA91A5D0F9F004A56B1 /* CollectionViewCell */ = {
			isa = PBXGroup;
			children = (
				2F242BAA1A5D0FF5004A56B1 /* BFMyOrderItemCollectionCell.h */,
				2F242BAB1A5D0FF5004A56B1 /* BFMyOrderItemCollectionCell.m */,
				2F242BAD1A5D1042004A56B1 /* MyOrderCollCellBasic.xib */,
				2F242BAF1A5D105B004A56B1 /* MyOrderCollCellImage.xib */,
			);
			name = CollectionViewCell;
			sourceTree = "<group>";
		};
		2F8932FC1A5BD12300A9196E = {
			isa = PBXGroup;
			children = (
				2F89330E1A5BD12400A9196E /* sterminal */,
				2F89332D1A5BD12400A9196E /* sterminalTests */,
				2F8933071A5BD12300A9196E /* Frameworks */,
				2F8933061A5BD12300A9196E /* Products */,
			);
			sourceTree = "<group>";
		};
		2F8933061A5BD12300A9196E /* Products */ = {
			isa = PBXGroup;
			children = (
				2F8933051A5BD12300A9196E /* sterminal.app */,
				2F8933261A5BD12400A9196E /* sterminalTests.xctest */,
			);
			name = Products;
			sourceTree = "<group>";
		};
		2F8933071A5BD12300A9196E /* Frameworks */ = {
			isa = PBXGroup;
			children = (
				2F8933081A5BD12300A9196E /* Foundation.framework */,
				2F89330A1A5BD12300A9196E /* CoreGraphics.framework */,
				2F89330C1A5BD12400A9196E /* UIKit.framework */,
				2F8933271A5BD12400A9196E /* XCTest.framework */,
			);
			name = Frameworks;
			sourceTree = "<group>";
		};
		2F89330E1A5BD12400A9196E /* sterminal */ = {
			isa = PBXGroup;
			children = (
				2F89333D1A5BD3BC00A9196E /* classes */,
				2F89331A1A5BD12400A9196E /* Main.storyboard */,
				2F8933201A5BD12400A9196E /* Images.xcassets */,
				2FF8C4991A5CED0700B28A0F /* product.plist */,
				2FF8C49B1A5CED1E00B28A0F /* categories.plist */,
				2F89330F1A5BD12400A9196E /* Supporting Files */,
			);
			path = sterminal;
			sourceTree = "<group>";
		};
		2F89330F1A5BD12400A9196E /* Supporting Files */ = {
			isa = PBXGroup;
			children = (
				2F8933101A5BD12400A9196E /* sterminal-Info.plist */,
				2F8933111A5BD12400A9196E /* InfoPlist.strings */,
				2F8933141A5BD12400A9196E /* main.m */,
				2F8933161A5BD12400A9196E /* sterminal-Prefix.pch */,
			);
			name = "Supporting Files";
			sourceTree = "<group>";
		};
		2F89332D1A5BD12400A9196E /* sterminalTests */ = {
			isa = PBXGroup;
			children = (
				2F8933331A5BD12400A9196E /* sterminalTests.m */,
				2F89332E1A5BD12400A9196E /* Supporting Files */,
			);
			path = sterminalTests;
			sourceTree = "<group>";
		};
		2F89332E1A5BD12400A9196E /* Supporting Files */ = {
			isa = PBXGroup;
			children = (
				2F89332F1A5BD12400A9196E /* sterminalTests-Info.plist */,
				2F8933301A5BD12400A9196E /* InfoPlist.strings */,
			);
			name = "Supporting Files";
			sourceTree = "<group>";
		};
		2F89333D1A5BD3BC00A9196E /* classes */ = {
			isa = PBXGroup;
			children = (
				2F242BA91A5D0F9F004A56B1 /* CollectionViewCell */,
				2FF8C4931A5CD9BC00B28A0F /* TableViewCell */,
				2F8933171A5BD12400A9196E /* BFAppDelegate.h */,
				2F8933181A5BD12400A9196E /* BFAppDelegate.m */,
				2F8933441A5BD60700A9196E /* BFNavigationViewController.h */,
				2F8933451A5BD60700A9196E /* BFNavigationViewController.m */,
				2F8933411A5BD42A00A9196E /* BFActiveViewController.h */,
				2F8933421A5BD42A00A9196E /* BFActiveViewController.m */,
				2F8933471A5BDBA800A9196E /* BFActivateProcessViewController.h */,
				2F8933481A5BDBA800A9196E /* BFActivateProcessViewController.m */,
				2F89334A1A5BE15C00A9196E /* BFUserLoginViewController.h */,
				2F89334B1A5BE15C00A9196E /* BFUserLoginViewController.m */,
				2F89334D1A5BE40400A9196E /* BFUserListViewController.h */,
				2F89334E1A5BE40400A9196E /* BFUserListViewController.m */,
				2FA42D601A5C2929004324AF /* BFOrderViewController.h */,
				2FA42D611A5C2929004324AF /* BFOrderViewController.m */,
				2F59A18F1A618266008BFF6F /* BFOrderCheckoutViewController.h */,
				2F59A1901A618266008BFF6F /* BFOrderCheckoutViewController.m */,
				2F59A1921A619235008BFF6F /* BFOrderFinalConfirmViewController.h */,
				2F59A1931A619235008BFF6F /* BFOrderFinalConfirmViewController.m */,
				2FF8C49D1A5D007500B28A0F /* CHTCollectionViewWaterfallLayout.h */,
				2FF8C49E1A5D007500B28A0F /* CHTCollectionViewWaterfallLayout.m */,
			);
			name = classes;
			sourceTree = "<group>";
		};
		2FF8C4931A5CD9BC00B28A0F /* TableViewCell */ = {
			isa = PBXGroup;
			children = (
				2FF8C4941A5CDA2500B28A0F /* CustomOrderCell.xib */,
				2FF8C4961A5CDC2900B28A0F /* BFOrderItemCell.h */,
				2FF8C4971A5CDC2900B28A0F /* BFOrderItemCell.m */,
			);
			name = TableViewCell;
			sourceTree = "<group>";
		};
/* End PBXGroup section */

/* Begin PBXNativeTarget section */
		2F8933041A5BD12300A9196E /* sterminal */ = {
			isa = PBXNativeTarget;
			buildConfigurationList = 2F8933371A5BD12400A9196E /* Build configuration list for PBXNativeTarget "sterminal" */;
			buildPhases = (
				2F8933011A5BD12300A9196E /* Sources */,
				2F8933021A5BD12300A9196E /* Frameworks */,
				2F8933031A5BD12300A9196E /* Resources */,
			);
			buildRules = (
			);
			dependencies = (
			);
			name = sterminal;
			productName = sterminal;
			productReference = 2F8933051A5BD12300A9196E /* sterminal.app */;
			productType = "com.apple.product-type.application";
		};
		2F8933251A5BD12400A9196E /* sterminalTests */ = {
			isa = PBXNativeTarget;
			buildConfigurationList = 2F89333A1A5BD12400A9196E /* Build configuration list for PBXNativeTarget "sterminalTests" */;
			buildPhases = (
				2F8933221A5BD12400A9196E /* Sources */,
				2F8933231A5BD12400A9196E /* Frameworks */,
				2F8933241A5BD12400A9196E /* Resources */,
			);
			buildRules = (
			);
			dependencies = (
				2F89332C1A5BD12400A9196E /* PBXTargetDependency */,
			);
			name = sterminalTests;
			productName = sterminalTests;
			productReference = 2F8933261A5BD12400A9196E /* sterminalTests.xctest */;
			productType = "com.apple.product-type.bundle.unit-test";
		};
/* End PBXNativeTarget section */

/* Begin PBXProject section */
		2F8932FD1A5BD12300A9196E /* Project object */ = {
			isa = PBXProject;
			attributes = {
				CLASSPREFIX = BF;
				LastUpgradeCheck = 0500;
				ORGANIZATIONNAME = "Wang Long";
				TargetAttributes = {
					2F8933041A5BD12300A9196E = {
						DevelopmentTeam = E99HD65J5U;
					};
					2F8933251A5BD12400A9196E = {
						TestTargetID = 2F8933041A5BD12300A9196E;
					};
				};
			};
			buildConfigurationList = 2F8933001A5BD12300A9196E /* Build configuration list for PBXProject "sterminal" */;
			compatibilityVersion = "Xcode 3.2";
			developmentRegion = English;
			hasScannedForEncodings = 0;
			knownRegions = (
				en,
				Base,
			);
			mainGroup = 2F8932FC1A5BD12300A9196E;
			productRefGroup = 2F8933061A5BD12300A9196E /* Products */;
			projectDirPath = "";
			projectRoot = "";
			targets = (
				2F8933041A5BD12300A9196E /* sterminal */,
				2F8933251A5BD12400A9196E /* sterminalTests */,
			);
		};
/* End PBXProject section */

/* Begin PBXResourcesBuildPhase section */
		2F8933031A5BD12300A9196E /* Resources */ = {
			isa = PBXResourcesBuildPhase;
			buildActionMask = 2147483647;
			files = (
				2F242BB01A5D105B004A56B1 /* MyOrderCollCellImage.xib in Resources */,
				2F8933211A5BD12400A9196E /* Images.xcassets in Resources */,
				2F8933131A5BD12400A9196E /* InfoPlist.strings in Resources */,
				2FF8C49C1A5CED1E00B28A0F /* categories.plist in Resources */,
				2F242BAE1A5D1042004A56B1 /* MyOrderCollCellBasic.xib in Resources */,
				2F89331C1A5BD12400A9196E /* Main.storyboard in Resources */,
				2FF8C49A1A5CED0700B28A0F /* product.plist in Resources */,
				2FF8C4951A5CDA2500B28A0F /* CustomOrderCell.xib in Resources */,
			);
			runOnlyForDeploymentPostprocessing = 0;
		};
		2F8933241A5BD12400A9196E /* Resources */ = {
			isa = PBXResourcesBuildPhase;
			buildActionMask = 2147483647;
			files = (
				2F8933321A5BD12400A9196E /* InfoPlist.strings in Resources */,
			);
			runOnlyForDeploymentPostprocessing = 0;
		};
/* End PBXResourcesBuildPhase section */

/* Begin PBXSourcesBuildPhase section */
		2F8933011A5BD12300A9196E /* Sources */ = {
			isa = PBXSourcesBuildPhase;
			buildActionMask = 2147483647;
			files = (
				2F8933191A5BD12400A9196E /* BFAppDelegate.m in Sources */,
				2F8933491A5BDBA800A9196E /* BFActivateProcessViewController.m in Sources */,
				2F89334F1A5BE40400A9196E /* BFUserListViewController.m in Sources */,
				2F59A1911A618266008BFF6F /* BFOrderCheckoutViewController.m in Sources */,
				2F8933431A5BD42A00A9196E /* BFActiveViewController.m in Sources */,
				2F242BAC1A5D0FF5004A56B1 /* BFMyOrderItemCollectionCell.m in Sources */,
				2F8933461A5BD60700A9196E /* BFNavigationViewController.m in Sources */,
				2FF8C49F1A5D007500B28A0F /* CHTCollectionViewWaterfallLayout.m in Sources */,
				2FF8C4981A5CDC2900B28A0F /* BFOrderItemCell.m in Sources */,
				2FA42D621A5C2929004324AF /* BFOrderViewController.m in Sources */,
				2F8933151A5BD12400A9196E /* main.m in Sources */,
				2F59A1941A619235008BFF6F /* BFOrderFinalConfirmViewController.m in Sources */,
				2F89334C1A5BE15C00A9196E /* BFUserLoginViewController.m in Sources */,
			);
			runOnlyForDeploymentPostprocessing = 0;
		};
		2F8933221A5BD12400A9196E /* Sources */ = {
			isa = PBXSourcesBuildPhase;
			buildActionMask = 2147483647;
			files = (
				2F8933341A5BD12400A9196E /* sterminalTests.m in Sources */,
			);
			runOnlyForDeploymentPostprocessing = 0;
		};
/* End PBXSourcesBuildPhase section */

/* Begin PBXTargetDependency section */
		2F89332C1A5BD12400A9196E /* PBXTargetDependency */ = {
			isa = PBXTargetDependency;
			target = 2F8933041A5BD12300A9196E /* sterminal */;
			targetProxy = 2F89332B1A5BD12400A9196E /* PBXContainerItemProxy */;
		};
/* End PBXTargetDependency section */

/* Begin PBXVariantGroup section */
		2F8933111A5BD12400A9196E /* InfoPlist.strings */ = {
			isa = PBXVariantGroup;
			children = (
				2F8933121A5BD12400A9196E /* en */,
			);
			name = InfoPlist.strings;
			sourceTree = "<group>";
		};
		2F89331A1A5BD12400A9196E /* Main.storyboard */ = {
			isa = PBXVariantGroup;
			children = (
				2F89331B1A5BD12400A9196E /* Base */,
			);
			name = Main.storyboard;
			sourceTree = "<group>";
		};
		2F8933301A5BD12400A9196E /* InfoPlist.strings */ = {
			isa = PBXVariantGroup;
			children = (
				2F8933311A5BD12400A9196E /* en */,
			);
			name = InfoPlist.strings;
			sourceTree = "<group>";
		};
/* End PBXVariantGroup section */

/* Begin XCBuildConfiguration section */
		2F8933351A5BD12400A9196E /* Debug */ = {
			isa = XCBuildConfiguration;
			buildSettings = {
				ALWAYS_SEARCH_USER_PATHS = NO;
				ARCHS = "$(ARCHS_STANDARD_INCLUDING_64_BIT)";
				CLANG_CXX_LANGUAGE_STANDARD = "gnu++0x";
				CLANG_CXX_LIBRARY = "libc++";
				CLANG_ENABLE_MODULES = YES;
				CLANG_ENABLE_OBJC_ARC = YES;
				CLANG_WARN_BOOL_CONVERSION = YES;
				CLANG_WARN_CONSTANT_CONVERSION = YES;
				CLANG_WARN_DIRECT_OBJC_ISA_USAGE = YES_ERROR;
				CLANG_WARN_EMPTY_BODY = YES;
				CLANG_WARN_ENUM_CONVERSION = YES;
				CLANG_WARN_INT_CONVERSION = YES;
				CLANG_WARN_OBJC_ROOT_CLASS = YES_ERROR;
				CLANG_WARN__DUPLICATE_METHOD_MATCH = YES;
				"CODE_SIGN_IDENTITY[sdk=iphoneos*]" = "iPhone Developer";
				COPY_PHASE_STRIP = NO;
				GCC_C_LANGUAGE_STANDARD = gnu99;
				GCC_DYNAMIC_NO_PIC = NO;
				GCC_OPTIMIZATION_LEVEL = 0;
				GCC_PREPROCESSOR_DEFINITIONS = (
					"DEBUG=1",
					"$(inherited)",
				);
				GCC_SYMBOLS_PRIVATE_EXTERN = NO;
				GCC_WARN_64_TO_32_BIT_CONVERSION = YES;
				GCC_WARN_ABOUT_RETURN_TYPE = YES_ERROR;
				GCC_WARN_UNDECLARED_SELECTOR = YES;
				GCC_WARN_UNINITIALIZED_AUTOS = YES;
				GCC_WARN_UNUSED_FUNCTION = YES;
				GCC_WARN_UNUSED_VARIABLE = YES;
				IPHONEOS_DEPLOYMENT_TARGET = 7.0;
				ONLY_ACTIVE_ARCH = YES;
				SDKROOT = iphoneos;
				TARGETED_DEVICE_FAMILY = 2;
			};
			name = Debug;
		};
		2F8933361A5BD12400A9196E /* Release */ = {
			isa = XCBuildConfiguration;
			buildSettings = {
				ALWAYS_SEARCH_USER_PATHS = NO;
				ARCHS = "$(ARCHS_STANDARD_INCLUDING_64_BIT)";
				CLANG_CXX_LANGUAGE_STANDARD = "gnu++0x";
				CLANG_CXX_LIBRARY = "libc++";
				CLANG_ENABLE_MODULES = YES;
				CLANG_ENABLE_OBJC_ARC = YES;
				CLANG_WARN_BOOL_CONVERSION = YES;
				CLANG_WARN_CONSTANT_CONVERSION = YES;
				CLANG_WARN_DIRECT_OBJC_ISA_USAGE = YES_ERROR;
				CLANG_WARN_EMPTY_BODY = YES;
				CLANG_WARN_ENUM_CONVERSION = YES;
				CLANG_WARN_INT_CONVERSION = YES;
				CLANG_WARN_OBJC_ROOT_CLASS = YES_ERROR;
				CLANG_WARN__DUPLICATE_METHOD_MATCH = YES;
				"CODE_SIGN_IDENTITY[sdk=iphoneos*]" = "iPhone Developer";
				COPY_PHASE_STRIP = YES;
				ENABLE_NS_ASSERTIONS = NO;
				GCC_C_LANGUAGE_STANDARD = gnu99;
				GCC_WARN_64_TO_32_BIT_CONVERSION = YES;
				GCC_WARN_ABOUT_RETURN_TYPE = YES_ERROR;
				GCC_WARN_UNDECLARED_SELECTOR = YES;
				GCC_WARN_UNINITIALIZED_AUTOS = YES;
				GCC_WARN_UNUSED_FUNCTION = YES;
				GCC_WARN_UNUSED_VARIABLE = YES;
				IPHONEOS_DEPLOYMENT_TARGET = 7.0;
				SDKROOT = iphoneos;
				TARGETED_DEVICE_FAMILY = 2;
				VALIDATE_PRODUCT = YES;
			};
			name = Release;
		};
		2F8933381A5BD12400A9196E /* Debug */ = {
			isa = XCBuildConfiguration;
			buildSettings = {
				ASSETCATALOG_COMPILER_APPICON_NAME = AppIcon;
				ASSETCATALOG_COMPILER_LAUNCHIMAGE_NAME = LaunchImage;
				CODE_SIGN_IDENTITY = "iPhone Developer";
				GCC_PRECOMPILE_PREFIX_HEADER = YES;
				GCC_PREFIX_HEADER = "sterminal/sterminal-Prefix.pch";
				INFOPLIST_FILE = "sterminal/sterminal-Info.plist";
				PRODUCT_NAME = "$(TARGET_NAME)";
				WRAPPER_EXTENSION = app;
			};
			name = Debug;
		};
		2F8933391A5BD12400A9196E /* Release */ = {
			isa = XCBuildConfiguration;
			buildSettings = {
				ASSETCATALOG_COMPILER_APPICON_NAME = AppIcon;
				ASSETCATALOG_COMPILER_LAUNCHIMAGE_NAME = LaunchImage;
				CODE_SIGN_IDENTITY = "iPhone Developer";
				GCC_PRECOMPILE_PREFIX_HEADER = YES;
				GCC_PREFIX_HEADER = "sterminal/sterminal-Prefix.pch";
				INFOPLIST_FILE = "sterminal/sterminal-Info.plist";
				PRODUCT_NAME = "$(TARGET_NAME)";
				WRAPPER_EXTENSION = app;
			};
			name = Release;
		};
		2F89333B1A5BD12400A9196E /* Debug */ = {
			isa = XCBuildConfiguration;
			buildSettings = {
				ARCHS = "$(ARCHS_STANDARD_INCLUDING_64_BIT)";
				BUNDLE_LOADER = "$(BUILT_PRODUCTS_DIR)/sterminal.app/sterminal";
				FRAMEWORK_SEARCH_PATHS = (
					"$(SDKROOT)/Developer/Library/Frameworks",
					"$(inherited)",
					"$(DEVELOPER_FRAMEWORKS_DIR)",
				);
				GCC_PRECOMPILE_PREFIX_HEADER = YES;
				GCC_PREFIX_HEADER = "sterminal/sterminal-Prefix.pch";
				GCC_PREPROCESSOR_DEFINITIONS = (
					"DEBUG=1",
					"$(inherited)",
				);
				INFOPLIST_FILE = "sterminalTests/sterminalTests-Info.plist";
				PRODUCT_NAME = "$(TARGET_NAME)";
				TEST_HOST = "$(BUNDLE_LOADER)";
				WRAPPER_EXTENSION = xctest;
			};
			name = Debug;
		};
		2F89333C1A5BD12400A9196E /* Release */ = {
			isa = XCBuildConfiguration;
			buildSettings = {
				ARCHS = "$(ARCHS_STANDARD_INCLUDING_64_BIT)";
				BUNDLE_LOADER = "$(BUILT_PRODUCTS_DIR)/sterminal.app/sterminal";
				FRAMEWORK_SEARCH_PATHS = (
					"$(SDKROOT)/Developer/Library/Frameworks",
					"$(inherited)",
					"$(DEVELOPER_FRAMEWORKS_DIR)",
				);
				GCC_PRECOMPILE_PREFIX_HEADER = YES;
				GCC_PREFIX_HEADER = "sterminal/sterminal-Prefix.pch";
				INFOPLIST_FILE = "sterminalTests/sterminalTests-Info.plist";
				PRODUCT_NAME = "$(TARGET_NAME)";
				TEST_HOST = "$(BUNDLE_LOADER)";
				WRAPPER_EXTENSION = xctest;
			};
			name = Release;
		};
/* End XCBuildConfiguration section */

/* Begin XCConfigurationList section */
		2F8933001A5BD12300A9196E /* Build configuration list for PBXProject "sterminal" */ = {
			isa = XCConfigurationList;
			buildConfigurations = (
				2F8933351A5BD12400A9196E /* Debug */,
				2F8933361A5BD12400A9196E /* Release */,
			);
			defaultConfigurationIsVisible = 0;
			defaultConfigurationName = Release;
		};
		2F8933371A5BD12400A9196E /* Build configuration list for PBXNativeTarget "sterminal" */ = {
			isa = XCConfigurationList;
			buildConfigurations = (
				2F8933381A5BD12400A9196E /* Debug */,
				2F8933391A5BD12400A9196E /* Release */,
			);
			defaultConfigurationIsVisible = 0;
			defaultConfigurationName = Release;
		};
		2F89333A1A5BD12400A9196E /* Build configuration list for PBXNativeTarget "sterminalTests" */ = {
			isa = XCConfigurationList;
			buildConfigurations = (
				2F89333B1A5BD12400A9196E /* Debug */,
				2F89333C1A5BD12400A9196E /* Release */,
			);
			defaultConfigurationIsVisible = 0;
			defaultConfigurationName = Release;
		};
/* End XCConfigurationList section */
	};
	rootObject = 2F8932FD1A5BD12300A9196E /* Project object */;
}
