// !$*UTF8*$!
{
	archiveVersion = 1;
	classes = {
	};
	objectVersion = 46;
	objects = {

/* Begin PBXBuildFile section */
		2F14804A1A63B5D3000C0BF6 /* GDataXMLNode.m in Sources */ = {isa = PBXBuildFile; fileRef = 2F1480491A63B5D3000C0BF6 /* GDataXMLNode.m */; settings = {COMPILER_FLAGS = "-fno-objc-arc"; }; };
		2F242BAC1A5D0FF5004A56B1 /* BFMyOrderItemCollectionCell.m in Sources */ = {isa = PBXBuildFile; fileRef = 2F242BAB1A5D0FF5004A56B1 /* BFMyOrderItemCollectionCell.m */; };
		2F242BAE1A5D1042004A56B1 /* MyOrderCollCellBasic.xib in Resources */ = {isa = PBXBuildFile; fileRef = 2F242BAD1A5D1042004A56B1 /* MyOrderCollCellBasic.xib */; };
		2F242BB01A5D105B004A56B1 /* MyOrderCollCellImage.xib in Resources */ = {isa = PBXBuildFile; fileRef = 2F242BAF1A5D105B004A56B1 /* MyOrderCollCellImage.xib */; };
		2F59A1911A618266008BFF6F /* BFOrderCheckoutViewController.m in Sources */ = {isa = PBXBuildFile; fileRef = 2F59A1901A618266008BFF6F /* BFOrderCheckoutViewController.m */; };
		2F59A1941A619235008BFF6F /* BFOrderFinalConfirmViewController.m in Sources */ = {isa = PBXBuildFile; fileRef = 2F59A1931A619235008BFF6F /* BFOrderFinalConfirmViewController.m */; };
		2F5DE04A1A63B0C2000A8D45 /* AFHTTPRequestOperation.m in Sources */ = {isa = PBXBuildFile; fileRef = 2F5DE0261A63B0C1000A8D45 /* AFHTTPRequestOperation.m */; };
		2F5DE04B1A63B0C2000A8D45 /* AFHTTPRequestOperationManager.m in Sources */ = {isa = PBXBuildFile; fileRef = 2F5DE0281A63B0C1000A8D45 /* AFHTTPRequestOperationManager.m */; };
		2F5DE04C1A63B0C2000A8D45 /* AFHTTPSessionManager.m in Sources */ = {isa = PBXBuildFile; fileRef = 2F5DE02A1A63B0C1000A8D45 /* AFHTTPSessionManager.m */; };
		2F5DE04D1A63B0C2000A8D45 /* AFNetworkReachabilityManager.m in Sources */ = {isa = PBXBuildFile; fileRef = 2F5DE02D1A63B0C2000A8D45 /* AFNetworkReachabilityManager.m */; };
		2F5DE04E1A63B0C2000A8D45 /* AFSecurityPolicy.m in Sources */ = {isa = PBXBuildFile; fileRef = 2F5DE02F1A63B0C2000A8D45 /* AFSecurityPolicy.m */; };
		2F5DE04F1A63B0C2000A8D45 /* AFURLConnectionOperation.m in Sources */ = {isa = PBXBuildFile; fileRef = 2F5DE0311A63B0C2000A8D45 /* AFURLConnectionOperation.m */; };
		2F5DE0501A63B0C2000A8D45 /* AFURLRequestSerialization.m in Sources */ = {isa = PBXBuildFile; fileRef = 2F5DE0331A63B0C2000A8D45 /* AFURLRequestSerialization.m */; };
		2F5DE0511A63B0C2000A8D45 /* AFURLResponseSerialization.m in Sources */ = {isa = PBXBuildFile; fileRef = 2F5DE0351A63B0C2000A8D45 /* AFURLResponseSerialization.m */; };
		2F5DE0521A63B0C2000A8D45 /* AFURLSessionManager.m in Sources */ = {isa = PBXBuildFile; fileRef = 2F5DE0371A63B0C2000A8D45 /* AFURLSessionManager.m */; };
		2F5DE0531A63B0C2000A8D45 /* AFNetworkActivityIndicatorManager.m in Sources */ = {isa = PBXBuildFile; fileRef = 2F5DE03A1A63B0C2000A8D45 /* AFNetworkActivityIndicatorManager.m */; };
		2F5DE0541A63B0C2000A8D45 /* UIActivityIndicatorView+AFNetworking.m in Sources */ = {isa = PBXBuildFile; fileRef = 2F5DE03C1A63B0C2000A8D45 /* UIActivityIndicatorView+AFNetworking.m */; };
		2F5DE0551A63B0C2000A8D45 /* UIAlertView+AFNetworking.m in Sources */ = {isa = PBXBuildFile; fileRef = 2F5DE03E1A63B0C2000A8D45 /* UIAlertView+AFNetworking.m */; };
		2F5DE0561A63B0C2000A8D45 /* UIButton+AFNetworking.m in Sources */ = {isa = PBXBuildFile; fileRef = 2F5DE0401A63B0C2000A8D45 /* UIButton+AFNetworking.m */; };
		2F5DE0571A63B0C2000A8D45 /* UIImageView+AFNetworking.m in Sources */ = {isa = PBXBuildFile; fileRef = 2F5DE0421A63B0C2000A8D45 /* UIImageView+AFNetworking.m */; };
		2F5DE0581A63B0C2000A8D45 /* UIProgressView+AFNetworking.m in Sources */ = {isa = PBXBuildFile; fileRef = 2F5DE0451A63B0C2000A8D45 /* UIProgressView+AFNetworking.m */; };
		2F5DE0591A63B0C2000A8D45 /* UIRefreshControl+AFNetworking.m in Sources */ = {isa = PBXBuildFile; fileRef = 2F5DE0471A63B0C2000A8D45 /* UIRefreshControl+AFNetworking.m */; };
		2F5DE05A1A63B0C2000A8D45 /* UIWebView+AFNetworking.m in Sources */ = {isa = PBXBuildFile; fileRef = 2F5DE0491A63B0C2000A8D45 /* UIWebView+AFNetworking.m */; };
		2F622F601A62D33D00B0A846 /* BFHistoryViewController.m in Sources */ = {isa = PBXBuildFile; fileRef = 2F622F5F1A62D33D00B0A846 /* BFHistoryViewController.m */; };
		2F622F631A62D96F00B0A846 /* OrderItemHistoryCell.xib in Resources */ = {isa = PBXBuildFile; fileRef = 2F622F621A62D96F00B0A846 /* OrderItemHistoryCell.xib */; };
		2F622F651A62DA2A00B0A846 /* HistoryIndexTableCell.xib in Resources */ = {isa = PBXBuildFile; fileRef = 2F622F641A62DA2A00B0A846 /* HistoryIndexTableCell.xib */; };
		2F622F681A62DBB400B0A846 /* HistoryIndexTableCell.m in Sources */ = {isa = PBXBuildFile; fileRef = 2F622F671A62DBB400B0A846 /* HistoryIndexTableCell.m */; };
		2F622F6F1A62DDF100B0A846 /* BFCellSelectedBackgroundView.m in Sources */ = {isa = PBXBuildFile; fileRef = 2F622F6E1A62DDF100B0A846 /* BFCellSelectedBackgroundView.m */; };
		2F8933091A5BD12300A9196E /* Foundation.framework in Frameworks */ = {isa = PBXBuildFile; fileRef = 2F8933081A5BD12300A9196E /* Foundation.framework */; };
		2F89330B1A5BD12300A9196E /* CoreGraphics.framework in Frameworks */ = {isa = PBXBuildFile; fileRef = 2F89330A1A5BD12300A9196E /* CoreGraphics.framework */; };
		2F89330D1A5BD12400A9196E /* UIKit.framework in Frameworks */ = {isa = PBXBuildFile; fileRef = 2F89330C1A5BD12400A9196E /* UIKit.framework */; };
		2F8933131A5BD12400A9196E /* InfoPlist.strings in Resources */ = {isa = PBXBuildFile; fileRef = 2F8933111A5BD12400A9196E /* InfoPlist.strings */; };
		2F8933151A5BD12400A9196E /* main.m in Sources */ = {isa = PBXBuildFile; fileRef = 2F8933141A5BD12400A9196E /* main.m */; };
		2F8933191A5BD12400A9196E /* BFAppDelegate.m in Sources */ = {isa = PBXBuildFile; fileRef = 2F8933181A5BD12400A9196E /* BFAppDelegate.m */; };
		2F89331C1A5BD12400A9196E /* Main.storyboard in Resources */ = {isa = PBXBuildFile; fileRef = 2F89331A1A5BD12400A9196E /* Main.storyboard */; };
		2F8933211A5BD12400A9196E /* Images.xcassets in Resources */ = {isa = PBXBuildFile; fileRef = 2F8933201A5BD12400A9196E /* Images.xcassets */; };
		2F8933281A5BD12400A9196E /* XCTest.framework in Frameworks */ = {isa = PBXBuildFile; fileRef = 2F8933271A5BD12400A9196E /* XCTest.framework */; };
		2F8933291A5BD12400A9196E /* Foundation.framework in Frameworks */ = {isa = PBXBuildFile; fileRef = 2F8933081A5BD12300A9196E /* Foundation.framework */; };
		2F89332A1A5BD12400A9196E /* UIKit.framework in Frameworks */ = {isa = PBXBuildFile; fileRef = 2F89330C1A5BD12400A9196E /* UIKit.framework */; };
		2F8933321A5BD12400A9196E /* InfoPlist.strings in Resources */ = {isa = PBXBuildFile; fileRef = 2F8933301A5BD12400A9196E /* InfoPlist.strings */; };
		2F8933341A5BD12400A9196E /* sterminalTests.m in Sources */ = {isa = PBXBuildFile; fileRef = 2F8933331A5BD12400A9196E /* sterminalTests.m */; };
		2F8933431A5BD42A00A9196E /* BFActiveViewController.m in Sources */ = {isa = PBXBuildFile; fileRef = 2F8933421A5BD42A00A9196E /* BFActiveViewController.m */; };
		2F8933461A5BD60700A9196E /* BFNavigationViewController.m in Sources */ = {isa = PBXBuildFile; fileRef = 2F8933451A5BD60700A9196E /* BFNavigationViewController.m */; };
		2F8933491A5BDBA800A9196E /* BFActivateProcessViewController.m in Sources */ = {isa = PBXBuildFile; fileRef = 2F8933481A5BDBA800A9196E /* BFActivateProcessViewController.m */; };
		2F89334C1A5BE15C00A9196E /* BFUserLoginViewController.m in Sources */ = {isa = PBXBuildFile; fileRef = 2F89334B1A5BE15C00A9196E /* BFUserLoginViewController.m */; };
		2F89334F1A5BE40400A9196E /* BFUserListViewController.m in Sources */ = {isa = PBXBuildFile; fileRef = 2F89334E1A5BE40400A9196E /* BFUserListViewController.m */; };
		2FA42D621A5C2929004324AF /* BFOrderViewController.m in Sources */ = {isa = PBXBuildFile; fileRef = 2FA42D611A5C2929004324AF /* BFOrderViewController.m */; };
		2FA94FE71A71FB0900386EA3 /* BFPreferenceData.m in Sources */ = {isa = PBXBuildFile; fileRef = 2FA94FE61A71FB0900386EA3 /* BFPreferenceData.m */; };
		2FF8C4951A5CDA2500B28A0F /* CustomOrderCell.xib in Resources */ = {isa = PBXBuildFile; fileRef = 2FF8C4941A5CDA2500B28A0F /* CustomOrderCell.xib */; };
		2FF8C4981A5CDC2900B28A0F /* BFOrderItemCell.m in Sources */ = {isa = PBXBuildFile; fileRef = 2FF8C4971A5CDC2900B28A0F /* BFOrderItemCell.m */; };
		2FF8C49F1A5D007500B28A0F /* CHTCollectionViewWaterfallLayout.m in Sources */ = {isa = PBXBuildFile; fileRef = 2FF8C49E1A5D007500B28A0F /* CHTCollectionViewWaterfallLayout.m */; };
/* End PBXBuildFile section */

/* Begin PBXContainerItemProxy section */
		2F89332B1A5BD12400A9196E /* PBXContainerItemProxy */ = {
			isa = PBXContainerItemProxy;
			containerPortal = 2F8932FD1A5BD12300A9196E /* Project object */;
			proxyType = 1;
			remoteGlobalIDString = 2F8933041A5BD12300A9196E;
			remoteInfo = sterminal;
		};
/* End PBXContainerItemProxy section */

/* Begin PBXFileReference section */
		2F1480481A63B5D3000C0BF6 /* GDataXMLNode.h */ = {isa = PBXFileReference; fileEncoding = 4; lastKnownFileType = sourcecode.c.h; path = GDataXMLNode.h; sourceTree = "<group>"; };
		2F1480491A63B5D3000C0BF6 /* GDataXMLNode.m */ = {isa = PBXFileReference; fileEncoding = 4; lastKnownFileType = sourcecode.c.objc; path = GDataXMLNode.m; sourceTree = "<group>"; };
		2F242BAA1A5D0FF5004A56B1 /* BFMyOrderItemCollectionCell.h */ = {isa = PBXFileReference; fileEncoding = 4; lastKnownFileType = sourcecode.c.h; path = BFMyOrderItemCollectionCell.h; sourceTree = "<group>"; };
		2F242BAB1A5D0FF5004A56B1 /* BFMyOrderItemCollectionCell.m */ = {isa = PBXFileReference; fileEncoding = 4; lastKnownFileType = sourcecode.c.objc; path = BFMyOrderItemCollectionCell.m; sourceTree = "<group>"; };
		2F242BAD1A5D1042004A56B1 /* MyOrderCollCellBasic.xib */ = {isa = PBXFileReference; fileEncoding = 4; lastKnownFileType = file.xib; path = MyOrderCollCellBasic.xib; sourceTree = "<group>"; };
		2F242BAF1A5D105B004A56B1 /* MyOrderCollCellImage.xib */ = {isa = PBXFileReference; fileEncoding = 4; lastKnownFileType = file.xib; path = MyOrderCollCellImage.xib; sourceTree = "<group>"; };
		2F59A18F1A618266008BFF6F /* BFOrderCheckoutViewController.h */ = {isa = PBXFileReference; fileEncoding = 4; lastKnownFileType = sourcecode.c.h; path = BFOrderCheckoutViewController.h; sourceTree = "<group>"; };
		2F59A1901A618266008BFF6F /* BFOrderCheckoutViewController.m */ = {isa = PBXFileReference; fileEncoding = 4; lastKnownFileType = sourcecode.c.objc; path = BFOrderCheckoutViewController.m; sourceTree = "<group>"; };
		2F59A1921A619235008BFF6F /* BFOrderFinalConfirmViewController.h */ = {isa = PBXFileReference; fileEncoding = 4; lastKnownFileType = sourcecode.c.h; path = BFOrderFinalConfirmViewController.h; sourceTree = "<group>"; };
		2F59A1931A619235008BFF6F /* BFOrderFinalConfirmViewController.m */ = {isa = PBXFileReference; fileEncoding = 4; lastKnownFileType = sourcecode.c.objc; path = BFOrderFinalConfirmViewController.m; sourceTree = "<group>"; };
		2F5DE0251A63B0C1000A8D45 /* AFHTTPRequestOperation.h */ = {isa = PBXFileReference; fileEncoding = 4; lastKnownFileType = sourcecode.c.h; path = AFHTTPRequestOperation.h; sourceTree = "<group>"; };
		2F5DE0261A63B0C1000A8D45 /* AFHTTPRequestOperation.m */ = {isa = PBXFileReference; fileEncoding = 4; lastKnownFileType = sourcecode.c.objc; path = AFHTTPRequestOperation.m; sourceTree = "<group>"; };
		2F5DE0271A63B0C1000A8D45 /* AFHTTPRequestOperationManager.h */ = {isa = PBXFileReference; fileEncoding = 4; lastKnownFileType = sourcecode.c.h; path = AFHTTPRequestOperationManager.h; sourceTree = "<group>"; };
		2F5DE0281A63B0C1000A8D45 /* AFHTTPRequestOperationManager.m */ = {isa = PBXFileReference; fileEncoding = 4; lastKnownFileType = sourcecode.c.objc; path = AFHTTPRequestOperationManager.m; sourceTree = "<group>"; };
		2F5DE0291A63B0C1000A8D45 /* AFHTTPSessionManager.h */ = {isa = PBXFileReference; fileEncoding = 4; lastKnownFileType = sourcecode.c.h; path = AFHTTPSessionManager.h; sourceTree = "<group>"; };
		2F5DE02A1A63B0C1000A8D45 /* AFHTTPSessionManager.m */ = {isa = PBXFileReference; fileEncoding = 4; lastKnownFileType = sourcecode.c.objc; path = AFHTTPSessionManager.m; sourceTree = "<group>"; };
		2F5DE02B1A63B0C2000A8D45 /* AFNetworking.h */ = {isa = PBXFileReference; fileEncoding = 4; lastKnownFileType = sourcecode.c.h; path = AFNetworking.h; sourceTree = "<group>"; };
		2F5DE02C1A63B0C2000A8D45 /* AFNetworkReachabilityManager.h */ = {isa = PBXFileReference; fileEncoding = 4; lastKnownFileType = sourcecode.c.h; path = AFNetworkReachabilityManager.h; sourceTree = "<group>"; };
		2F5DE02D1A63B0C2000A8D45 /* AFNetworkReachabilityManager.m */ = {isa = PBXFileReference; fileEncoding = 4; lastKnownFileType = sourcecode.c.objc; path = AFNetworkReachabilityManager.m; sourceTree = "<group>"; };
		2F5DE02E1A63B0C2000A8D45 /* AFSecurityPolicy.h */ = {isa = PBXFileReference; fileEncoding = 4; lastKnownFileType = sourcecode.c.h; path = AFSecurityPolicy.h; sourceTree = "<group>"; };
		2F5DE02F1A63B0C2000A8D45 /* AFSecurityPolicy.m */ = {isa = PBXFileReference; fileEncoding = 4; lastKnownFileType = sourcecode.c.objc; path = AFSecurityPolicy.m; sourceTree = "<group>"; };
		2F5DE0301A63B0C2000A8D45 /* AFURLConnectionOperation.h */ = {isa = PBXFileReference; fileEncoding = 4; lastKnownFileType = sourcecode.c.h; path = AFURLConnectionOperation.h; sourceTree = "<group>"; };
		2F5DE0311A63B0C2000A8D45 /* AFURLConnectionOperation.m */ = {isa = PBXFileReference; fileEncoding = 4; lastKnownFileType = sourcecode.c.objc; path = AFURLConnectionOperation.m; sourceTree = "<group>"; };
		2F5DE0321A63B0C2000A8D45 /* AFURLRequestSerialization.h */ = {isa = PBXFileReference; fileEncoding = 4; lastKnownFileType = sourcecode.c.h; path = AFURLRequestSerialization.h; sourceTree = "<group>"; };
		2F5DE0331A63B0C2000A8D45 /* AFURLRequestSerialization.m */ = {isa = PBXFileReference; fileEncoding = 4; lastKnownFileType = sourcecode.c.objc; path = AFURLRequestSerialization.m; sourceTree = "<group>"; };
		2F5DE0341A63B0C2000A8D45 /* AFURLResponseSerialization.h */ = {isa = PBXFileReference; fileEncoding = 4; lastKnownFileType = sourcecode.c.h; path = AFURLResponseSerialization.h; sourceTree = "<group>"; };
		2F5DE0351A63B0C2000A8D45 /* AFURLResponseSerialization.m */ = {isa = PBXFileReference; fileEncoding = 4; lastKnownFileType = sourcecode.c.objc; path = AFURLResponseSerialization.m; sourceTree = "<group>"; };
		2F5DE0361A63B0C2000A8D45 /* AFURLSessionManager.h */ = {isa = PBXFileReference; fileEncoding = 4; lastKnownFileType = sourcecode.c.h; path = AFURLSessionManager.h; sourceTree = "<group>"; };
		2F5DE0371A63B0C2000A8D45 /* AFURLSessionManager.m */ = {isa = PBXFileReference; fileEncoding = 4; lastKnownFileType = sourcecode.c.objc; path = AFURLSessionManager.m; sourceTree = "<group>"; };
		2F5DE0391A63B0C2000A8D45 /* AFNetworkActivityIndicatorManager.h */ = {isa = PBXFileReference; fileEncoding = 4; lastKnownFileType = sourcecode.c.h; path = AFNetworkActivityIndicatorManager.h; sourceTree = "<group>"; };
		2F5DE03A1A63B0C2000A8D45 /* AFNetworkActivityIndicatorManager.m */ = {isa = PBXFileReference; fileEncoding = 4; lastKnownFileType = sourcecode.c.objc; path = AFNetworkActivityIndicatorManager.m; sourceTree = "<group>"; };
		2F5DE03B1A63B0C2000A8D45 /* UIActivityIndicatorView+AFNetworking.h */ = {isa = PBXFileReference; fileEncoding = 4; lastKnownFileType = sourcecode.c.h; path = "UIActivityIndicatorView+AFNetworking.h"; sourceTree = "<group>"; };
		2F5DE03C1A63B0C2000A8D45 /* UIActivityIndicatorView+AFNetworking.m */ = {isa = PBXFileReference; fileEncoding = 4; lastKnownFileType = sourcecode.c.objc; path = "UIActivityIndicatorView+AFNetworking.m"; sourceTree = "<group>"; };
		2F5DE03D1A63B0C2000A8D45 /* UIAlertView+AFNetworking.h */ = {isa = PBXFileReference; fileEncoding = 4; lastKnownFileType = sourcecode.c.h; path = "UIAlertView+AFNetworking.h"; sourceTree = "<group>"; };
		2F5DE03E1A63B0C2000A8D45 /* UIAlertView+AFNetworking.m */ = {isa = PBXFileReference; fileEncoding = 4; lastKnownFileType = sourcecode.c.objc; path = "UIAlertView+AFNetworking.m"; sourceTree = "<group>"; };
		2F5DE03F1A63B0C2000A8D45 /* UIButton+AFNetworking.h */ = {isa = PBXFileReference; fileEncoding = 4; lastKnownFileType = sourcecode.c.h; path = "UIButton+AFNetworking.h"; sourceTree = "<group>"; };
		2F5DE0401A63B0C2000A8D45 /* UIButton+AFNetworking.m */ = {isa = PBXFileReference; fileEncoding = 4; lastKnownFileType = sourcecode.c.objc; path = "UIButton+AFNetworking.m"; sourceTree = "<group>"; };
		2F5DE0411A63B0C2000A8D45 /* UIImageView+AFNetworking.h */ = {isa = PBXFileReference; fileEncoding = 4; lastKnownFileType = sourcecode.c.h; path = "UIImageView+AFNetworking.h"; sourceTree = "<group>"; };
		2F5DE0421A63B0C2000A8D45 /* UIImageView+AFNetworking.m */ = {isa = PBXFileReference; fileEncoding = 4; lastKnownFileType = sourcecode.c.objc; path = "UIImageView+AFNetworking.m"; sourceTree = "<group>"; };
		2F5DE0431A63B0C2000A8D45 /* UIKit+AFNetworking.h */ = {isa = PBXFileReference; fileEncoding = 4; lastKnownFileType = sourcecode.c.h; path = "UIKit+AFNetworking.h"; sourceTree = "<group>"; };
		2F5DE0441A63B0C2000A8D45 /* UIProgressView+AFNetworking.h */ = {isa = PBXFileReference; fileEncoding = 4; lastKnownFileType = sourcecode.c.h; path = "UIProgressView+AFNetworking.h"; sourceTree = "<group>"; };
		2F5DE0451A63B0C2000A8D45 /* UIProgressView+AFNetworking.m */ = {isa = PBXFileReference; fileEncoding = 4; lastKnownFileType = sourcecode.c.objc; path = "UIProgressView+AFNetworking.m"; sourceTree = "<group>"; };
		2F5DE0461A63B0C2000A8D45 /* UIRefreshControl+AFNetworking.h */ = {isa = PBXFileReference; fileEncoding = 4; lastKnownFileType = sourcecode.c.h; path = "UIRefreshControl+AFNetworking.h"; sourceTree = "<group>"; };
		2F5DE0471A63B0C2000A8D45 /* UIRefreshControl+AFNetworking.m */ = {isa = PBXFileReference; fileEncoding = 4; lastKnownFileType = sourcecode.c.objc; path = "UIRefreshControl+AFNetworking.m"; sourceTree = "<group>"; };
		2F5DE0481A63B0C2000A8D45 /* UIWebView+AFNetworking.h */ = {isa = PBXFileReference; fileEncoding = 4; lastKnownFileType = sourcecode.c.h; path = "UIWebView+AFNetworking.h"; sourceTree = "<group>"; };
		2F5DE0491A63B0C2000A8D45 /* UIWebView+AFNetworking.m */ = {isa = PBXFileReference; fileEncoding = 4; lastKnownFileType = sourcecode.c.objc; path = "UIWebView+AFNetworking.m"; sourceTree = "<group>"; };
		2F622F5E1A62D33D00B0A846 /* BFHistoryViewController.h */ = {isa = PBXFileReference; fileEncoding = 4; lastKnownFileType = sourcecode.c.h; path = BFHistoryViewController.h; sourceTree = "<group>"; };
		2F622F5F1A62D33D00B0A846 /* BFHistoryViewController.m */ = {isa = PBXFileReference; fileEncoding = 4; lastKnownFileType = sourcecode.c.objc; path = BFHistoryViewController.m; sourceTree = "<group>"; };
		2F622F621A62D96F00B0A846 /* OrderItemHistoryCell.xib */ = {isa = PBXFileReference; fileEncoding = 4; lastKnownFileType = file.xib; path = OrderItemHistoryCell.xib; sourceTree = "<group>"; };
		2F622F641A62DA2A00B0A846 /* HistoryIndexTableCell.xib */ = {isa = PBXFileReference; fileEncoding = 4; lastKnownFileType = file.xib; path = HistoryIndexTableCell.xib; sourceTree = "<group>"; };
		2F622F661A62DBB400B0A846 /* HistoryIndexTableCell.h */ = {isa = PBXFileReference; fileEncoding = 4; lastKnownFileType = sourcecode.c.h; path = HistoryIndexTableCell.h; sourceTree = "<group>"; };
		2F622F671A62DBB400B0A846 /* HistoryIndexTableCell.m */ = {isa = PBXFileReference; fileEncoding = 4; lastKnownFileType = sourcecode.c.objc; path = HistoryIndexTableCell.m; sourceTree = "<group>"; };
		2F622F6D1A62DDF100B0A846 /* BFCellSelectedBackgroundView.h */ = {isa = PBXFileReference; fileEncoding = 4; lastKnownFileType = sourcecode.c.h; path = BFCellSelectedBackgroundView.h; sourceTree = "<group>"; };
		2F622F6E1A62DDF100B0A846 /* BFCellSelectedBackgroundView.m */ = {isa = PBXFileReference; fileEncoding = 4; lastKnownFileType = sourcecode.c.objc; path = BFCellSelectedBackgroundView.m; sourceTree = "<group>"; };
		2F8933051A5BD12300A9196E /* sterminal.app */ = {isa = PBXFileReference; explicitFileType = wrapper.application; includeInIndex = 0; path = sterminal.app; sourceTree = BUILT_PRODUCTS_DIR; };
		2F8933081A5BD12300A9196E /* Foundation.framework */ = {isa = PBXFileReference; lastKnownFileType = wrapper.framework; name = Foundation.framework; path = System/Library/Frameworks/Foundation.framework; sourceTree = SDKROOT; };
		2F89330A1A5BD12300A9196E /* CoreGraphics.framework */ = {isa = PBXFileReference; lastKnownFileType = wrapper.framework; name = CoreGraphics.framework; path = System/Library/Frameworks/CoreGraphics.framework; sourceTree = SDKROOT; };
		2F89330C1A5BD12400A9196E /* UIKit.framework */ = {isa = PBXFileReference; lastKnownFileType = wrapper.framework; name = UIKit.framework; path = System/Library/Frameworks/UIKit.framework; sourceTree = SDKROOT; };
		2F8933101A5BD12400A9196E /* sterminal-Info.plist */ = {isa = PBXFileReference; lastKnownFileType = text.plist.xml; path = "sterminal-Info.plist"; sourceTree = "<group>"; };
		2F8933121A5BD12400A9196E /* en */ = {isa = PBXFileReference; lastKnownFileType = text.plist.strings; name = en; path = en.lproj/InfoPlist.strings; sourceTree = "<group>"; };
		2F8933141A5BD12400A9196E /* main.m */ = {isa = PBXFileReference; lastKnownFileType = sourcecode.c.objc; path = main.m; sourceTree = "<group>"; };
		2F8933161A5BD12400A9196E /* sterminal-Prefix.pch */ = {isa = PBXFileReference; lastKnownFileType = sourcecode.c.h; path = "sterminal-Prefix.pch"; sourceTree = "<group>"; };
		2F8933171A5BD12400A9196E /* BFAppDelegate.h */ = {isa = PBXFileReference; lastKnownFileType = sourcecode.c.h; path = BFAppDelegate.h; sourceTree = "<group>"; };
		2F8933181A5BD12400A9196E /* BFAppDelegate.m */ = {isa = PBXFileReference; lastKnownFileType = sourcecode.c.objc; path = BFAppDelegate.m; sourceTree = "<group>"; };
		2F89331B1A5BD12400A9196E /* Base */ = {isa = PBXFileReference; lastKnownFileType = file.storyboard; name = Base; path = Base.lproj/Main.storyboard; sourceTree = "<group>"; };
		2F8933201A5BD12400A9196E /* Images.xcassets */ = {isa = PBXFileReference; lastKnownFileType = folder.assetcatalog; path = Images.xcassets; sourceTree = "<group>"; };
		2F8933261A5BD12400A9196E /* sterminalTests.xctest */ = {isa = PBXFileReference; explicitFileType = wrapper.cfbundle; includeInIndex = 0; path = sterminalTests.xctest; sourceTree = BUILT_PRODUCTS_DIR; };
		2F8933271A5BD12400A9196E /* XCTest.framework */ = {isa = PBXFileReference; lastKnownFileType = wrapper.framework; name = XCTest.framework; path = Library/Frameworks/XCTest.framework; sourceTree = DEVELOPER_DIR; };
		2F89332F1A5BD12400A9196E /* sterminalTests-Info.plist */ = {isa = PBXFileReference; lastKnownFileType = text.plist.xml; path = "sterminalTests-Info.plist"; sourceTree = "<group>"; };
		2F8933311A5BD12400A9196E /* en */ = {isa = PBXFileReference; lastKnownFileType = text.plist.strings; name = en; path = en.lproj/InfoPlist.strings; sourceTree = "<group>"; };
		2F8933331A5BD12400A9196E /* sterminalTests.m */ = {isa = PBXFileReference; lastKnownFileType = sourcecode.c.objc; path = sterminalTests.m; sourceTree = "<group>"; };
		2F8933411A5BD42A00A9196E /* BFActiveViewController.h */ = {isa = PBXFileReference; fileEncoding = 4; lastKnownFileType = sourcecode.c.h; path = BFActiveViewController.h; sourceTree = "<group>"; };
		2F8933421A5BD42A00A9196E /* BFActiveViewController.m */ = {isa = PBXFileReference; fileEncoding = 4; lastKnownFileType = sourcecode.c.objc; path = BFActiveViewController.m; sourceTree = "<group>"; };
		2F8933441A5BD60700A9196E /* BFNavigationViewController.h */ = {isa = PBXFileReference; fileEncoding = 4; lastKnownFileType = sourcecode.c.h; path = BFNavigationViewController.h; sourceTree = "<group>"; };
		2F8933451A5BD60700A9196E /* BFNavigationViewController.m */ = {isa = PBXFileReference; fileEncoding = 4; lastKnownFileType = sourcecode.c.objc; path = BFNavigationViewController.m; sourceTree = "<group>"; };
		2F8933471A5BDBA800A9196E /* BFActivateProcessViewController.h */ = {isa = PBXFileReference; fileEncoding = 4; lastKnownFileType = sourcecode.c.h; path = BFActivateProcessViewController.h; sourceTree = "<group>"; };
		2F8933481A5BDBA800A9196E /* BFActivateProcessViewController.m */ = {isa = PBXFileReference; fileEncoding = 4; lastKnownFileType = sourcecode.c.objc; path = BFActivateProcessViewController.m; sourceTree = "<group>"; };
		2F89334A1A5BE15C00A9196E /* BFUserLoginViewController.h */ = {isa = PBXFileReference; fileEncoding = 4; lastKnownFileType = sourcecode.c.h; path = BFUserLoginViewController.h; sourceTree = "<group>"; };
		2F89334B1A5BE15C00A9196E /* BFUserLoginViewController.m */ = {isa = PBXFileReference; fileEncoding = 4; lastKnownFileType = sourcecode.c.objc; path = BFUserLoginViewController.m; sourceTree = "<group>"; };
		2F89334D1A5BE40400A9196E /* BFUserListViewController.h */ = {isa = PBXFileReference; fileEncoding = 4; lastKnownFileType = sourcecode.c.h; path = BFUserListViewController.h; sourceTree = "<group>"; };
		2F89334E1A5BE40400A9196E /* BFUserListViewController.m */ = {isa = PBXFileReference; fileEncoding = 4; lastKnownFileType = sourcecode.c.objc; path = BFUserListViewController.m; sourceTree = "<group>"; };
		2FA42D601A5C2929004324AF /* BFOrderViewController.h */ = {isa = PBXFileReference; fileEncoding = 4; lastKnownFileType = sourcecode.c.h; path = BFOrderViewController.h; sourceTree = "<group>"; };
		2FA42D611A5C2929004324AF /* BFOrderViewController.m */ = {isa = PBXFileReference; fileEncoding = 4; lastKnownFileType = sourcecode.c.objc; path = BFOrderViewController.m; sourceTree = "<group>"; };
		2FA94FE51A71FB0900386EA3 /* BFPreferenceData.h */ = {isa = PBXFileReference; fileEncoding = 4; lastKnownFileType = sourcecode.c.h; path = BFPreferenceData.h; sourceTree = "<group>"; };
		2FA94FE61A71FB0900386EA3 /* BFPreferenceData.m */ = {isa = PBXFileReference; fileEncoding = 4; lastKnownFileType = sourcecode.c.objc; path = BFPreferenceData.m; sourceTree = "<group>"; };
		2FB459EC1A773DAC002A7F87 /* defs.h */ = {isa = PBXFileReference; lastKnownFileType = sourcecode.c.h; path = defs.h; sourceTree = "<group>"; };
		2FF8C4941A5CDA2500B28A0F /* CustomOrderCell.xib */ = {isa = PBXFileReference; fileEncoding = 4; lastKnownFileType = file.xib; path = CustomOrderCell.xib; sourceTree = "<group>"; };
		2FF8C4961A5CDC2900B28A0F /* BFOrderItemCell.h */ = {isa = PBXFileReference; fileEncoding = 4; lastKnownFileType = sourcecode.c.h; path = BFOrderItemCell.h; sourceTree = "<group>"; };
		2FF8C4971A5CDC2900B28A0F /* BFOrderItemCell.m */ = {isa = PBXFileReference; fileEncoding = 4; lastKnownFileType = sourcecode.c.objc; path = BFOrderItemCell.m; sourceTree = "<group>"; };
		2FF8C49D1A5D007500B28A0F /* CHTCollectionViewWaterfallLayout.h */ = {isa = PBXFileReference; fileEncoding = 4; lastKnownFileType = sourcecode.c.h; path = CHTCollectionViewWaterfallLayout.h; sourceTree = "<group>"; };
		2FF8C49E1A5D007500B28A0F /* CHTCollectionViewWaterfallLayout.m */ = {isa = PBXFileReference; fileEncoding = 4; lastKnownFileType = sourcecode.c.objc; path = CHTCollectionViewWaterfallLayout.m; sourceTree = "<group>"; };
/* End PBXFileReference section */

/* Begin PBXFrameworksBuildPhase section */
		2F8933021A5BD12300A9196E /* Frameworks */ = {
			isa = PBXFrameworksBuildPhase;
			buildActionMask = 2147483647;
			files = (
				2F89330B1A5BD12300A9196E /* CoreGraphics.framework in Frameworks */,
				2F89330D1A5BD12400A9196E /* UIKit.framework in Frameworks */,
				2F8933091A5BD12300A9196E /* Foundation.framework in Frameworks */,
			);
			runOnlyForDeploymentPostprocessing = 0;
		};
		2F8933231A5BD12400A9196E /* Frameworks */ = {
			isa = PBXFrameworksBuildPhase;
			buildActionMask = 2147483647;
			files = (
				2F8933281A5BD12400A9196E /* XCTest.framework in Frameworks */,
				2F89332A1A5BD12400A9196E /* UIKit.framework in Frameworks */,
				2F8933291A5BD12400A9196E /* Foundation.framework in Frameworks */,
			);
			runOnlyForDeploymentPostprocessing = 0;
		};
/* End PBXFrameworksBuildPhase section */

/* Begin PBXGroup section */
		2F242BA91A5D0F9F004A56B1 /* CollectionViewCell */ = {
			isa = PBXGroup;
			children = (
				2F242BAA1A5D0FF5004A56B1 /* BFMyOrderItemCollectionCell.h */,
				2F242BAB1A5D0FF5004A56B1 /* BFMyOrderItemCollectionCell.m */,
				2F242BAD1A5D1042004A56B1 /* MyOrderCollCellBasic.xib */,
				2F242BAF1A5D105B004A56B1 /* MyOrderCollCellImage.xib */,
			);
			name = CollectionViewCell;
			sourceTree = "<group>";
		};
		2F5DE0241A63B0C1000A8D45 /* AFNetworking */ = {
			isa = PBXGroup;
			children = (
				2F5DE0251A63B0C1000A8D45 /* AFHTTPRequestOperation.h */,
				2F5DE0261A63B0C1000A8D45 /* AFHTTPRequestOperation.m */,
				2F5DE0271A63B0C1000A8D45 /* AFHTTPRequestOperationManager.h */,
				2F5DE0281A63B0C1000A8D45 /* AFHTTPRequestOperationManager.m */,
				2F5DE0291A63B0C1000A8D45 /* AFHTTPSessionManager.h */,
				2F5DE02A1A63B0C1000A8D45 /* AFHTTPSessionManager.m */,
				2F5DE02B1A63B0C2000A8D45 /* AFNetworking.h */,
				2F5DE02C1A63B0C2000A8D45 /* AFNetworkReachabilityManager.h */,
				2F5DE02D1A63B0C2000A8D45 /* AFNetworkReachabilityManager.m */,
				2F5DE02E1A63B0C2000A8D45 /* AFSecurityPolicy.h */,
				2F5DE02F1A63B0C2000A8D45 /* AFSecurityPolicy.m */,
				2F5DE0301A63B0C2000A8D45 /* AFURLConnectionOperation.h */,
				2F5DE0311A63B0C2000A8D45 /* AFURLConnectionOperation.m */,
				2F5DE0321A63B0C2000A8D45 /* AFURLRequestSerialization.h */,
				2F5DE0331A63B0C2000A8D45 /* AFURLRequestSerialization.m */,
				2F5DE0341A63B0C2000A8D45 /* AFURLResponseSerialization.h */,
				2F5DE0351A63B0C2000A8D45 /* AFURLResponseSerialization.m */,
				2F5DE0361A63B0C2000A8D45 /* AFURLSessionManager.h */,
				2F5DE0371A63B0C2000A8D45 /* AFURLSessionManager.m */,
			);
			path = AFNetworking;
			sourceTree = "<group>";
		};
		2F5DE0381A63B0C2000A8D45 /* UIKit+AFNetworking */ = {
			isa = PBXGroup;
			children = (
				2F5DE0391A63B0C2000A8D45 /* AFNetworkActivityIndicatorManager.h */,
				2F5DE03A1A63B0C2000A8D45 /* AFNetworkActivityIndicatorManager.m */,
				2F5DE03B1A63B0C2000A8D45 /* UIActivityIndicatorView+AFNetworking.h */,
				2F5DE03C1A63B0C2000A8D45 /* UIActivityIndicatorView+AFNetworking.m */,
				2F5DE03D1A63B0C2000A8D45 /* UIAlertView+AFNetworking.h */,
				2F5DE03E1A63B0C2000A8D45 /* UIAlertView+AFNetworking.m */,
				2F5DE03F1A63B0C2000A8D45 /* UIButton+AFNetworking.h */,
				2F5DE0401A63B0C2000A8D45 /* UIButton+AFNetworking.m */,
				2F5DE0411A63B0C2000A8D45 /* UIImageView+AFNetworking.h */,
				2F5DE0421A63B0C2000A8D45 /* UIImageView+AFNetworking.m */,
				2F5DE0431A63B0C2000A8D45 /* UIKit+AFNetworking.h */,
				2F5DE0441A63B0C2000A8D45 /* UIProgressView+AFNetworking.h */,
				2F5DE0451A63B0C2000A8D45 /* UIProgressView+AFNetworking.m */,
				2F5DE0461A63B0C2000A8D45 /* UIRefreshControl+AFNetworking.h */,
				2F5DE0471A63B0C2000A8D45 /* UIRefreshControl+AFNetworking.m */,
				2F5DE0481A63B0C2000A8D45 /* UIWebView+AFNetworking.h */,
				2F5DE0491A63B0C2000A8D45 /* UIWebView+AFNetworking.m */,
			);
			path = "UIKit+AFNetworking";
			sourceTree = "<group>";
		};
		2F622F611A62D94C00B0A846 /* HistoryTableCell */ = {
			isa = PBXGroup;
			children = (
				2F622F621A62D96F00B0A846 /* OrderItemHistoryCell.xib */,
				2F622F641A62DA2A00B0A846 /* HistoryIndexTableCell.xib */,
				2F622F661A62DBB400B0A846 /* HistoryIndexTableCell.h */,
				2F622F671A62DBB400B0A846 /* HistoryIndexTableCell.m */,
			);
			name = HistoryTableCell;
			sourceTree = "<group>";
		};
		2F622F691A62DD9000B0A846 /* CellBackgroundView */ = {
			isa = PBXGroup;
			children = (
				2F622F6D1A62DDF100B0A846 /* BFCellSelectedBackgroundView.h */,
				2F622F6E1A62DDF100B0A846 /* BFCellSelectedBackgroundView.m */,
			);
			name = CellBackgroundView;
			sourceTree = "<group>";
		};
		2F8932FC1A5BD12300A9196E = {
			isa = PBXGroup;
			children = (
				2F89330E1A5BD12400A9196E /* sterminal */,
				2F89332D1A5BD12400A9196E /* sterminalTests */,
				2F8933071A5BD12300A9196E /* Frameworks */,
				2F8933061A5BD12300A9196E /* Products */,
			);
			sourceTree = "<group>";
		};
		2F8933061A5BD12300A9196E /* Products */ = {
			isa = PBXGroup;
			children = (
				2F8933051A5BD12300A9196E /* sterminal.app */,
				2F8933261A5BD12400A9196E /* sterminalTests.xctest */,
			);
			name = Products;
			sourceTree = "<group>";
		};
		2F8933071A5BD12300A9196E /* Frameworks */ = {
			isa = PBXGroup;
			children = (
				2F8933081A5BD12300A9196E /* Foundation.framework */,
				2F89330A1A5BD12300A9196E /* CoreGraphics.framework */,
				2F89330C1A5BD12400A9196E /* UIKit.framework */,
				2F8933271A5BD12400A9196E /* XCTest.framework */,
			);
			name = Frameworks;
			sourceTree = "<group>";
		};
		2F89330E1A5BD12400A9196E /* sterminal */ = {
			isa = PBXGroup;
			children = (
				2F89333D1A5BD3BC00A9196E /* classes */,
				2F89331A1A5BD12400A9196E /* Main.storyboard */,
				2F8933201A5BD12400A9196E /* Images.xcassets */,
				2F89330F1A5BD12400A9196E /* Supporting Files */,
			);
			path = sterminal;
			sourceTree = "<group>";
		};
		2F89330F1A5BD12400A9196E /* Supporting Files */ = {
			isa = PBXGroup;
			children = (
				2F8933101A5BD12400A9196E /* sterminal-Info.plist */,
				2F8933111A5BD12400A9196E /* InfoPlist.strings */,
				2F8933141A5BD12400A9196E /* main.m */,
				2F8933161A5BD12400A9196E /* sterminal-Prefix.pch */,
			);
			name = "Supporting Files";
			sourceTree = "<group>";
		};
		2F89332D1A5BD12400A9196E /* sterminalTests */ = {
			isa = PBXGroup;
			children = (
				2F8933331A5BD12400A9196E /* sterminalTests.m */,
				2F89332E1A5BD12400A9196E /* Supporting Files */,
			);
			path = sterminalTests;
			sourceTree = "<group>";
		};
		2F89332E1A5BD12400A9196E /* Supporting Files */ = {
			isa = PBXGroup;
			children = (
				2F89332F1A5BD12400A9196E /* sterminalTests-Info.plist */,
				2F8933301A5BD12400A9196E /* InfoPlist.strings */,
			);
			name = "Supporting Files";
			sourceTree = "<group>";
		};
		2F89333D1A5BD3BC00A9196E /* classes */ = {
			isa = PBXGroup;
			children = (
				2F5DE0241A63B0C1000A8D45 /* AFNetworking */,
				2F5DE0381A63B0C2000A8D45 /* UIKit+AFNetworking */,
				2F622F691A62DD9000B0A846 /* CellBackgroundView */,
				2F622F611A62D94C00B0A846 /* HistoryTableCell */,
				2F242BA91A5D0F9F004A56B1 /* CollectionViewCell */,
				2FF8C4931A5CD9BC00B28A0F /* TableViewCell */,
				2F1480481A63B5D3000C0BF6 /* GDataXMLNode.h */,
				2F1480491A63B5D3000C0BF6 /* GDataXMLNode.m */,
				2FB459EC1A773DAC002A7F87 /* defs.h */,
				2F8933171A5BD12400A9196E /* BFAppDelegate.h */,
				2F8933181A5BD12400A9196E /* BFAppDelegate.m */,
				2FA94FE51A71FB0900386EA3 /* BFPreferenceData.h */,
				2FA94FE61A71FB0900386EA3 /* BFPreferenceData.m */,
				2F8933441A5BD60700A9196E /* BFNavigationViewController.h */,
				2F8933451A5BD60700A9196E /* BFNavigationViewController.m */,
				2F8933411A5BD42A00A9196E /* BFActiveViewController.h */,
				2F8933421A5BD42A00A9196E /* BFActiveViewController.m */,
				2F8933471A5BDBA800A9196E /* BFActivateProcessViewController.h */,
				2F8933481A5BDBA800A9196E /* BFActivateProcessViewController.m */,
				2F89334A1A5BE15C00A9196E /* BFUserLoginViewController.h */,
				2F89334B1A5BE15C00A9196E /* BFUserLoginViewController.m */,
				2F89334D1A5BE40400A9196E /* BFUserListViewController.h */,
				2F89334E1A5BE40400A9196E /* BFUserListViewController.m */,
				2FA42D601A5C2929004324AF /* BFOrderViewController.h */,
				2FA42D611A5C2929004324AF /* BFOrderViewController.m */,
				2F622F5E1A62D33D00B0A846 /* BFHistoryViewController.h */,
				2F622F5F1A62D33D00B0A846 /* BFHistoryViewController.m */,
				2F59A18F1A618266008BFF6F /* BFOrderCheckoutViewController.h */,
				2F59A1901A618266008BFF6F /* BFOrderCheckoutViewController.m */,
				2F59A1921A619235008BFF6F /* BFOrderFinalConfirmViewController.h */,
				2F59A1931A619235008BFF6F /* BFOrderFinalConfirmViewController.m */,
				2FF8C49D1A5D007500B28A0F /* CHTCollectionViewWaterfallLayout.h */,
				2FF8C49E1A5D007500B28A0F /* CHTCollectionViewWaterfallLayout.m */,
			);
			name = classes;
			sourceTree = "<group>";
		};
		2FF8C4931A5CD9BC00B28A0F /* TableViewCell */ = {
			isa = PBXGroup;
			children = (
				2FF8C4941A5CDA2500B28A0F /* CustomOrderCell.xib */,
				2FF8C4961A5CDC2900B28A0F /* BFOrderItemCell.h */,
				2FF8C4971A5CDC2900B28A0F /* BFOrderItemCell.m */,
			);
			name = TableViewCell;
			sourceTree = "<group>";
		};
/* End PBXGroup section */

/* Begin PBXNativeTarget section */
		2F8933041A5BD12300A9196E /* sterminal */ = {
			isa = PBXNativeTarget;
			buildConfigurationList = 2F8933371A5BD12400A9196E /* Build configuration list for PBXNativeTarget "sterminal" */;
			buildPhases = (
				2F8933011A5BD12300A9196E /* Sources */,
				2F8933021A5BD12300A9196E /* Frameworks */,
				2F8933031A5BD12300A9196E /* Resources */,
			);
			buildRules = (
			);
			dependencies = (
			);
			name = sterminal;
			productName = sterminal;
			productReference = 2F8933051A5BD12300A9196E /* sterminal.app */;
			productType = "com.apple.product-type.application";
		};
		2F8933251A5BD12400A9196E /* sterminalTests */ = {
			isa = PBXNativeTarget;
			buildConfigurationList = 2F89333A1A5BD12400A9196E /* Build configuration list for PBXNativeTarget "sterminalTests" */;
			buildPhases = (
				2F8933221A5BD12400A9196E /* Sources */,
				2F8933231A5BD12400A9196E /* Frameworks */,
				2F8933241A5BD12400A9196E /* Resources */,
			);
			buildRules = (
			);
			dependencies = (
				2F89332C1A5BD12400A9196E /* PBXTargetDependency */,
			);
			name = sterminalTests;
			productName = sterminalTests;
			productReference = 2F8933261A5BD12400A9196E /* sterminalTests.xctest */;
			productType = "com.apple.product-type.bundle.unit-test";
		};
/* End PBXNativeTarget section */

/* Begin PBXProject section */
		2F8932FD1A5BD12300A9196E /* Project object */ = {
			isa = PBXProject;
			attributes = {
				CLASSPREFIX = BF;
				LastUpgradeCheck = 0500;
				ORGANIZATIONNAME = "Wang Long";
				TargetAttributes = {
					2F8933041A5BD12300A9196E = {
						DevelopmentTeam = E99HD65J5U;
					};
					2F8933251A5BD12400A9196E = {
						TestTargetID = 2F8933041A5BD12300A9196E;
					};
				};
			};
			buildConfigurationList = 2F8933001A5BD12300A9196E /* Build configuration list for PBXProject "sterminal" */;
			compatibilityVersion = "Xcode 3.2";
			developmentRegion = English;
			hasScannedForEncodings = 0;
			knownRegions = (
				en,
				Base,
			);
			mainGroup = 2F8932FC1A5BD12300A9196E;
			productRefGroup = 2F8933061A5BD12300A9196E /* Products */;
			projectDirPath = "";
			projectRoot = "";
			targets = (
				2F8933041A5BD12300A9196E /* sterminal */,
				2F8933251A5BD12400A9196E /* sterminalTests */,
			);
		};
/* End PBXProject section */

/* Begin PBXResourcesBuildPhase section */
		2F8933031A5BD12300A9196E /* Resources */ = {
			isa = PBXResourcesBuildPhase;
			buildActionMask = 2147483647;
			files = (
				2F242BB01A5D105B004A56B1 /* MyOrderCollCellImage.xib in Resources */,
				2F622F631A62D96F00B0A846 /* OrderItemHistoryCell.xib in Resources */,
				2F8933211A5BD12400A9196E /* Images.xcassets in Resources */,
				2F8933131A5BD12400A9196E /* InfoPlist.strings in Resources */,
				2F242BAE1A5D1042004A56B1 /* MyOrderCollCellBasic.xib in Resources */,
				2F89331C1A5BD12400A9196E /* Main.storyboard in Resources */,
				2F622F651A62DA2A00B0A846 /* HistoryIndexTableCell.xib in Resources */,
				2FF8C4951A5CDA2500B28A0F /* CustomOrderCell.xib in Resources */,
			);
			runOnlyForDeploymentPostprocessing = 0;
		};
		2F8933241A5BD12400A9196E /* Resources */ = {
			isa = PBXResourcesBuildPhase;
			buildActionMask = 2147483647;
			files = (
				2F8933321A5BD12400A9196E /* InfoPlist.strings in Resources */,
			);
			runOnlyForDeploymentPostprocessing = 0;
		};
/* End PBXResourcesBuildPhase section */

/* Begin PBXSourcesBuildPhase section */
		2F8933011A5BD12300A9196E /* Sources */ = {
			isa = PBXSourcesBuildPhase;
			buildActionMask = 2147483647;
			files = (
				2F5DE0521A63B0C2000A8D45 /* AFURLSessionManager.m in Sources */,
				2F5DE0571A63B0C2000A8D45 /* UIImageView+AFNetworking.m in Sources */,
				2F5DE0591A63B0C2000A8D45 /* UIRefreshControl+AFNetworking.m in Sources */,
				2F5DE04F1A63B0C2000A8D45 /* AFURLConnectionOperation.m in Sources */,
				2F8933191A5BD12400A9196E /* BFAppDelegate.m in Sources */,
				2F5DE05A1A63B0C2000A8D45 /* UIWebView+AFNetworking.m in Sources */,
				2F5DE04C1A63B0C2000A8D45 /* AFHTTPSessionManager.m in Sources */,
				2F5DE04D1A63B0C2000A8D45 /* AFNetworkReachabilityManager.m in Sources */,
				2F622F601A62D33D00B0A846 /* BFHistoryViewController.m in Sources */,
				2F8933491A5BDBA800A9196E /* BFActivateProcessViewController.m in Sources */,
				2F89334F1A5BE40400A9196E /* BFUserListViewController.m in Sources */,
				2F14804A1A63B5D3000C0BF6 /* GDataXMLNode.m in Sources */,
				2F59A1911A618266008BFF6F /* BFOrderCheckoutViewController.m in Sources */,
				2F5DE04E1A63B0C2000A8D45 /* AFSecurityPolicy.m in Sources */,
				2F5DE0581A63B0C2000A8D45 /* UIProgressView+AFNetworking.m in Sources */,
				2F622F6F1A62DDF100B0A846 /* BFCellSelectedBackgroundView.m in Sources */,
				2F5DE0561A63B0C2000A8D45 /* UIButton+AFNetworking.m in Sources */,
				2F8933431A5BD42A00A9196E /* BFActiveViewController.m in Sources */,
				2F622F681A62DBB400B0A846 /* HistoryIndexTableCell.m in Sources */,
				2F5DE04B1A63B0C2000A8D45 /* AFHTTPRequestOperationManager.m in Sources */,
				2F242BAC1A5D0FF5004A56B1 /* BFMyOrderItemCollectionCell.m in Sources */,
				2F8933461A5BD60700A9196E /* BFNavigationViewController.m in Sources */,
				2F5DE0551A63B0C2000A8D45 /* UIAlertView+AFNetworking.m in Sources */,
				2FA94FE71A71FB0900386EA3 /* BFPreferenceData.m in Sources */,
				2FF8C49F1A5D007500B28A0F /* CHTCollectionViewWaterfallLayout.m in Sources */,
				2FF8C4981A5CDC2900B28A0F /* BFOrderItemCell.m in Sources */,
				2FA42D621A5C2929004324AF /* BFOrderViewController.m in Sources */,
				2F8933151A5BD12400A9196E /* main.m in Sources */,
				2F59A1941A619235008BFF6F /* BFOrderFinalConfirmViewController.m in Sources */,
				2F5DE0501A63B0C2000A8D45 /* AFURLRequestSerialization.m in Sources */,
				2F5DE0531A63B0C2000A8D45 /* AFNetworkActivityIndicatorManager.m in Sources */,
				2F5DE04A1A63B0C2000A8D45 /* AFHTTPRequestOperation.m in Sources */,
				2F5DE0541A63B0C2000A8D45 /* UIActivityIndicatorView+AFNetworking.m in Sources */,
				2F5DE0511A63B0C2000A8D45 /* AFURLResponseSerialization.m in Sources */,
				2F89334C1A5BE15C00A9196E /* BFUserLoginViewController.m in Sources */,
			);
			runOnlyForDeploymentPostprocessing = 0;
		};
		2F8933221A5BD12400A9196E /* Sources */ = {
			isa = PBXSourcesBuildPhase;
			buildActionMask = 2147483647;
			files = (
				2F8933341A5BD12400A9196E /* sterminalTests.m in Sources */,
			);
			runOnlyForDeploymentPostprocessing = 0;
		};
/* End PBXSourcesBuildPhase section */

/* Begin PBXTargetDependency section */
		2F89332C1A5BD12400A9196E /* PBXTargetDependency */ = {
			isa = PBXTargetDependency;
			target = 2F8933041A5BD12300A9196E /* sterminal */;
			targetProxy = 2F89332B1A5BD12400A9196E /* PBXContainerItemProxy */;
		};
/* End PBXTargetDependency section */

/* Begin PBXVariantGroup section */
		2F8933111A5BD12400A9196E /* InfoPlist.strings */ = {
			isa = PBXVariantGroup;
			children = (
				2F8933121A5BD12400A9196E /* en */,
			);
			name = InfoPlist.strings;
			sourceTree = "<group>";
		};
		2F89331A1A5BD12400A9196E /* Main.storyboard */ = {
			isa = PBXVariantGroup;
			children = (
				2F89331B1A5BD12400A9196E /* Base */,
			);
			name = Main.storyboard;
			sourceTree = "<group>";
		};
		2F8933301A5BD12400A9196E /* InfoPlist.strings */ = {
			isa = PBXVariantGroup;
			children = (
				2F8933311A5BD12400A9196E /* en */,
			);
			name = InfoPlist.strings;
			sourceTree = "<group>";
		};
/* End PBXVariantGroup section */

/* Begin XCBuildConfiguration section */
		2F8933351A5BD12400A9196E /* Debug */ = {
			isa = XCBuildConfiguration;
			buildSettings = {
				ALWAYS_SEARCH_USER_PATHS = NO;
				ARCHS = "$(ARCHS_STANDARD_INCLUDING_64_BIT)";
				CLANG_CXX_LANGUAGE_STANDARD = "gnu++0x";
				CLANG_CXX_LIBRARY = "libc++";
				CLANG_ENABLE_MODULES = YES;
				CLANG_ENABLE_OBJC_ARC = YES;
				CLANG_WARN_BOOL_CONVERSION = YES;
				CLANG_WARN_CONSTANT_CONVERSION = YES;
				CLANG_WARN_DIRECT_OBJC_ISA_USAGE = YES_ERROR;
				CLANG_WARN_EMPTY_BODY = YES;
				CLANG_WARN_ENUM_CONVERSION = YES;
				CLANG_WARN_INT_CONVERSION = YES;
				CLANG_WARN_OBJC_ROOT_CLASS = YES_ERROR;
				CLANG_WARN__DUPLICATE_METHOD_MATCH = YES;
				"CODE_SIGN_IDENTITY[sdk=iphoneos*]" = "iPhone Developer";
				COPY_PHASE_STRIP = NO;
				GCC_C_LANGUAGE_STANDARD = gnu99;
				GCC_DYNAMIC_NO_PIC = NO;
				GCC_OPTIMIZATION_LEVEL = 0;
				GCC_PREPROCESSOR_DEFINITIONS = (
					"DEBUG=1",
					"$(inherited)",
				);
				GCC_SYMBOLS_PRIVATE_EXTERN = NO;
				GCC_WARN_64_TO_32_BIT_CONVERSION = YES;
				GCC_WARN_ABOUT_RETURN_TYPE = YES_ERROR;
				GCC_WARN_UNDECLARED_SELECTOR = YES;
				GCC_WARN_UNINITIALIZED_AUTOS = YES;
				GCC_WARN_UNUSED_FUNCTION = YES;
				GCC_WARN_UNUSED_VARIABLE = YES;
				HEADER_SEARCH_PATHS = (
					"$(inherited)",
					/Applications/Xcode5.app/Contents/Developer/Toolchains/XcodeDefault.xctoolchain/usr/include,
					/usr/include/libxml2,
				);
				IPHONEOS_DEPLOYMENT_TARGET = 7.0;
				ONLY_ACTIVE_ARCH = YES;
				SDKROOT = iphoneos;
				TARGETED_DEVICE_FAMILY = 2;
			};
			name = Debug;
		};
		2F8933361A5BD12400A9196E /* Release */ = {
			isa = XCBuildConfiguration;
			buildSettings = {
				ALWAYS_SEARCH_USER_PATHS = NO;
				ARCHS = "$(ARCHS_STANDARD_INCLUDING_64_BIT)";
				CLANG_CXX_LANGUAGE_STANDARD = "gnu++0x";
				CLANG_CXX_LIBRARY = "libc++";
				CLANG_ENABLE_MODULES = YES;
				CLANG_ENABLE_OBJC_ARC = YES;
				CLANG_WARN_BOOL_CONVERSION = YES;
				CLANG_WARN_CONSTANT_CONVERSION = YES;
				CLANG_WARN_DIRECT_OBJC_ISA_USAGE = YES_ERROR;
				CLANG_WARN_EMPTY_BODY = YES;
				CLANG_WARN_ENUM_CONVERSION = YES;
				CLANG_WARN_INT_CONVERSION = YES;
				CLANG_WARN_OBJC_ROOT_CLASS = YES_ERROR;
				CLANG_WARN__DUPLICATE_METHOD_MATCH = YES;
				"CODE_SIGN_IDENTITY[sdk=iphoneos*]" = "iPhone Developer";
				COPY_PHASE_STRIP = YES;
				ENABLE_NS_ASSERTIONS = NO;
				GCC_C_LANGUAGE_STANDARD = gnu99;
				GCC_WARN_64_TO_32_BIT_CONVERSION = YES;
				GCC_WARN_ABOUT_RETURN_TYPE = YES_ERROR;
				GCC_WARN_UNDECLARED_SELECTOR = YES;
				GCC_WARN_UNINITIALIZED_AUTOS = YES;
				GCC_WARN_UNUSED_FUNCTION = YES;
				GCC_WARN_UNUSED_VARIABLE = YES;
				HEADER_SEARCH_PATHS = (
					"$(inherited)",
					/Applications/Xcode5.app/Contents/Developer/Toolchains/XcodeDefault.xctoolchain/usr/include,
					/usr/include/libxml2,
				);
				IPHONEOS_DEPLOYMENT_TARGET = 7.0;
				SDKROOT = iphoneos;
				TARGETED_DEVICE_FAMILY = 2;
				VALIDATE_PRODUCT = YES;
			};
			name = Release;
		};
		2F8933381A5BD12400A9196E /* Debug */ = {
			isa = XCBuildConfiguration;
			buildSettings = {
				ASSETCATALOG_COMPILER_APPICON_NAME = AppIcon;
				ASSETCATALOG_COMPILER_LAUNCHIMAGE_NAME = LaunchImage;
				CODE_SIGN_IDENTITY = "iPhone Developer";
				GCC_PRECOMPILE_PREFIX_HEADER = YES;
				GCC_PREFIX_HEADER = "sterminal/sterminal-Prefix.pch";
				INFOPLIST_FILE = "sterminal/sterminal-Info.plist";
				OTHER_LDFLAGS = "-lxml2";
				PRODUCT_NAME = "$(TARGET_NAME)";
				WRAPPER_EXTENSION = app;
			};
			name = Debug;
		};
		2F8933391A5BD12400A9196E /* Release */ = {
			isa = XCBuildConfiguration;
			buildSettings = {
				ASSETCATALOG_COMPILER_APPICON_NAME = AppIcon;
				ASSETCATALOG_COMPILER_LAUNCHIMAGE_NAME = LaunchImage;
				CODE_SIGN_IDENTITY = "iPhone Developer";
				GCC_PRECOMPILE_PREFIX_HEADER = YES;
				GCC_PREFIX_HEADER = "sterminal/sterminal-Prefix.pch";
				INFOPLIST_FILE = "sterminal/sterminal-Info.plist";
				OTHER_LDFLAGS = "-lxml2";
				PRODUCT_NAME = "$(TARGET_NAME)";
				WRAPPER_EXTENSION = app;
			};
			name = Release;
		};
		2F89333B1A5BD12400A9196E /* Debug */ = {
			isa = XCBuildConfiguration;
			buildSettings = {
				ARCHS = "$(ARCHS_STANDARD_INCLUDING_64_BIT)";
				BUNDLE_LOADER = "$(BUILT_PRODUCTS_DIR)/sterminal.app/sterminal";
				FRAMEWORK_SEARCH_PATHS = (
					"$(SDKROOT)/Developer/Library/Frameworks",
					"$(inherited)",
					"$(DEVELOPER_FRAMEWORKS_DIR)",
				);
				GCC_PRECOMPILE_PREFIX_HEADER = YES;
				GCC_PREFIX_HEADER = "sterminal/sterminal-Prefix.pch";
				GCC_PREPROCESSOR_DEFINITIONS = (
					"DEBUG=1",
					"$(inherited)",
				);
				INFOPLIST_FILE = "sterminalTests/sterminalTests-Info.plist";
				PRODUCT_NAME = "$(TARGET_NAME)";
				TEST_HOST = "$(BUNDLE_LOADER)";
				WRAPPER_EXTENSION = xctest;
			};
			name = Debug;
		};
		2F89333C1A5BD12400A9196E /* Release */ = {
			isa = XCBuildConfiguration;
			buildSettings = {
				ARCHS = "$(ARCHS_STANDARD_INCLUDING_64_BIT)";
				BUNDLE_LOADER = "$(BUILT_PRODUCTS_DIR)/sterminal.app/sterminal";
				FRAMEWORK_SEARCH_PATHS = (
					"$(SDKROOT)/Developer/Library/Frameworks",
					"$(inherited)",
					"$(DEVELOPER_FRAMEWORKS_DIR)",
				);
				GCC_PRECOMPILE_PREFIX_HEADER = YES;
				GCC_PREFIX_HEADER = "sterminal/sterminal-Prefix.pch";
				INFOPLIST_FILE = "sterminalTests/sterminalTests-Info.plist";
				PRODUCT_NAME = "$(TARGET_NAME)";
				TEST_HOST = "$(BUNDLE_LOADER)";
				WRAPPER_EXTENSION = xctest;
			};
			name = Release;
		};
/* End XCBuildConfiguration section */

/* Begin XCConfigurationList section */
		2F8933001A5BD12300A9196E /* Build configuration list for PBXProject "sterminal" */ = {
			isa = XCConfigurationList;
			buildConfigurations = (
				2F8933351A5BD12400A9196E /* Debug */,
				2F8933361A5BD12400A9196E /* Release */,
			);
			defaultConfigurationIsVisible = 0;
			defaultConfigurationName = Release;
		};
		2F8933371A5BD12400A9196E /* Build configuration list for PBXNativeTarget "sterminal" */ = {
			isa = XCConfigurationList;
			buildConfigurations = (
				2F8933381A5BD12400A9196E /* Debug */,
				2F8933391A5BD12400A9196E /* Release */,
			);
			defaultConfigurationIsVisible = 0;
			defaultConfigurationName = Release;
		};
		2F89333A1A5BD12400A9196E /* Build configuration list for PBXNativeTarget "sterminalTests" */ = {
			isa = XCConfigurationList;
			buildConfigurations = (
				2F89333B1A5BD12400A9196E /* Debug */,
				2F89333C1A5BD12400A9196E /* Release */,
			);
			defaultConfigurationIsVisible = 0;
			defaultConfigurationName = Release;
		};
/* End XCConfigurationList section */
	};
	rootObject = 2F8932FD1A5BD12300A9196E /* Project object */;
}
